{
  "version": 4,
  "terraform_version": "1.10.4",
  "serial": 33,
  "lineage": "f66d115b-ad77-5cb7-392f-797d52c01b99",
  "outputs": {
    "cluster_certificate_authority": {
      "value": "LS0tLS1CRUdJTiBDRVJUSUZJQ0FURS0tLS0tCk1JSURCVENDQWUyZ0F3SUJBZ0lJVTVVa1IvMjVOQ2N3RFFZSktvWklodmNOQVFFTEJRQXdGVEVUTUJFR0ExVUUKQXhNS2EzVmlaWEp1WlhSbGN6QWVGdzB5TlRBeE1qY3hNelE0TWpCYUZ3MHpOVEF4TWpVeE16VXpNakJhTUJVeApFekFSQmdOVkJBTVRDbXQxWW1WeWJtVjBaWE13Z2dFaU1BMEdDU3FHU0liM0RRRUJBUVVBQTRJQkR3QXdnZ0VLCkFvSUJBUUNpS1BlTFN6TmJ4ZXg0dGF6eE9wdTRkK091K2NSRGJ2dUwyZzBuVlhBQkcveWFwSnV2Z3haeUtncFQKMXlBcnBVcWRLSWVQN1pMemVUTVRZL2Y4ZUUxRmxTT3JBcWw3M2VQU2hiVkNCMmtsMnBaUnFiUEJwdGRGRXFzUwp0b1Y0Vm5nT0tjY00wcGNocGwrMXJSUFEwdG9BZEx0R3FCN29kN202ZStSdHFuemdUbitUTUd3VU5KakJjTU5rCldSSVRqajU2a01zQkhzWGVJQjJSbGhCcHhCRmltODl0dURPNzF6dWhCMUkzdmhONWs4VzJEaGhnY2tMM0o3WkcKWDd2OXorUHdBVytvY0tnbzlmbUVIVXRhcVJmVHJqWUI0SG9hTDZEQmVQQW8ycUZEeWJiLzZnQ2xsb0plekZQNApPUDZRR29pN1UvUDBaMncrVm9BTnNZU2psYlh0QWdNQkFBR2pXVEJYTUE0R0ExVWREd0VCL3dRRUF3SUNwREFQCkJnTlZIUk1CQWY4RUJUQURBUUgvTUIwR0ExVWREZ1FXQkJSNXdtUDlrN2lRVkhDVUhoSWlpQkJ2T2pFY3VEQVYKQmdOVkhSRUVEakFNZ2dwcmRXSmxjbTVsZEdWek1BMEdDU3FHU0liM0RRRUJDd1VBQTRJQkFRQUFEbC8yczA3VQpzT2ZmeDF2T1dSOEpIbkIzTzE2NXFwZUFhM1gwR0t4QUVaaEtRWTF4VnpGWU1MLzBySmZuZ2hmZ0dvdEpwVndSCmhNTWxseGVrM1M1djl0ckZuK04rN1k3WFFsNGdRMy9hUDJldmNBQ1NhNHZhZkJ6SUt1YzgzYkxvMldCREhqV1gKQnB5alN1bktSZ0QyWi9ZVlZWa2l3VEpINzZpQ2lXQVlWdUJNdTkyYk9DcnJvOUhiREdTeVJ2SUxJZkdRNDEzOQp5OWd4MVA2YlBDQyt4RHFOU1djazNKTzIraFhtb0E4YXFCVlJNclJpZWR3dUtDTHRSYndob3dVNTVpNkVZejluCmk3amZNUFRCQlNMc0p0RHNwTGFnR1BCZXYyb0FZdXB3elNkMGgrbHJKTTNLZ3NKZ0J5S3FuZmhZNW1Zb3Rnb3MKUmtveS9kUkc4WW85Ci0tLS0tRU5EIENFUlRJRklDQVRFLS0tLS0K",
      "type": "string"
    },
    "cluster_endpoint": {
      "value": "https://08F5EDEFABB2B37356470A8CE873DCAE.gr7.us-east-1.eks.amazonaws.com",
      "type": "string"
    },
    "cluster_name": {
      "value": "my-project-cluster",
      "type": "string"
    },
    "subnets": {
      "value": [
        "subnet-04c7f24c42f274965",
        "subnet-0d80880a0a36dbb46"
      ],
      "type": [
        "tuple",
        [
          "string",
          "string"
        ]
      ]
    },
    "vpc_id": {
      "value": "vpc-014eeb0665a6d7e4f",
      "type": "string"
    }
  },
  "resources": [
    {
      "mode": "data",
      "type": "aws_availability_zones",
      "name": "available",
      "provider": "provider[\"registry.terraform.io/hashicorp/aws\"]",
      "instances": [
        {
          "schema_version": 0,
          "attributes": {
            "all_availability_zones": null,
            "exclude_names": null,
            "exclude_zone_ids": null,
            "filter": null,
            "group_names": [
              "us-east-1-zg-1"
            ],
            "id": "us-east-1",
            "names": [
              "us-east-1a",
              "us-east-1b",
              "us-east-1c",
              "us-east-1d",
              "us-east-1e",
              "us-east-1f"
            ],
            "state": null,
            "timeouts": null,
            "zone_ids": [
              "use1-az2",
              "use1-az4",
              "use1-az6",
              "use1-az1",
              "use1-az3",
              "use1-az5"
            ]
          },
          "sensitive_attributes": []
        }
      ]
    },
    {
      "mode": "managed",
      "type": "aws_subnet",
      "name": "eks_subnet",
      "provider": "provider[\"registry.terraform.io/hashicorp/aws\"]",
      "instances": [
        {
          "index_key": 0,
          "schema_version": 1,
          "attributes": {
            "arn": "arn:aws:ec2:us-east-1:702517372063:subnet/subnet-04c7f24c42f274965",
            "assign_ipv6_address_on_creation": false,
            "availability_zone": "us-east-1a",
            "availability_zone_id": "use1-az2",
            "cidr_block": "10.0.0.0/24",
            "customer_owned_ipv4_pool": "",
            "enable_dns64": false,
            "enable_lni_at_device_index": 0,
            "enable_resource_name_dns_a_record_on_launch": false,
            "enable_resource_name_dns_aaaa_record_on_launch": false,
            "id": "subnet-04c7f24c42f274965",
            "ipv6_cidr_block": "",
            "ipv6_cidr_block_association_id": "",
            "ipv6_native": false,
            "map_customer_owned_ip_on_launch": false,
            "map_public_ip_on_launch": false,
            "outpost_arn": "",
            "owner_id": "702517372063",
            "private_dns_hostname_type_on_launch": "ip-name",
            "tags": {
              "Name": "eks-subnet-0"
            },
            "tags_all": {
              "Name": "eks-subnet-0"
            },
            "timeouts": null,
            "vpc_id": "vpc-014eeb0665a6d7e4f"
          },
          "sensitive_attributes": [],
          "private": "eyJlMmJmYjczMC1lY2FhLTExZTYtOGY4OC0zNDM2M2JjN2M0YzAiOnsiY3JlYXRlIjo2MDAwMDAwMDAwMDAsImRlbGV0ZSI6MTIwMDAwMDAwMDAwMH0sInNjaGVtYV92ZXJzaW9uIjoiMSJ9",
          "dependencies": [
            "aws_vpc.eks_vpc",
            "data.aws_availability_zones.available"
          ],
          "create_before_destroy": true
        },
        {
          "index_key": 1,
          "schema_version": 1,
          "attributes": {
            "arn": "arn:aws:ec2:us-east-1:702517372063:subnet/subnet-0d80880a0a36dbb46",
            "assign_ipv6_address_on_creation": false,
            "availability_zone": "us-east-1b",
            "availability_zone_id": "use1-az4",
            "cidr_block": "10.0.1.0/24",
            "customer_owned_ipv4_pool": "",
            "enable_dns64": false,
            "enable_lni_at_device_index": 0,
            "enable_resource_name_dns_a_record_on_launch": false,
            "enable_resource_name_dns_aaaa_record_on_launch": false,
            "id": "subnet-0d80880a0a36dbb46",
            "ipv6_cidr_block": "",
            "ipv6_cidr_block_association_id": "",
            "ipv6_native": false,
            "map_customer_owned_ip_on_launch": false,
            "map_public_ip_on_launch": false,
            "outpost_arn": "",
            "owner_id": "702517372063",
            "private_dns_hostname_type_on_launch": "ip-name",
            "tags": {
              "Name": "eks-subnet-1"
            },
            "tags_all": {
              "Name": "eks-subnet-1"
            },
            "timeouts": null,
            "vpc_id": "vpc-014eeb0665a6d7e4f"
          },
          "sensitive_attributes": [],
          "private": "eyJlMmJmYjczMC1lY2FhLTExZTYtOGY4OC0zNDM2M2JjN2M0YzAiOnsiY3JlYXRlIjo2MDAwMDAwMDAwMDAsImRlbGV0ZSI6MTIwMDAwMDAwMDAwMH0sInNjaGVtYV92ZXJzaW9uIjoiMSJ9",
          "dependencies": [
            "aws_vpc.eks_vpc",
            "data.aws_availability_zones.available"
          ],
          "create_before_destroy": true
        }
      ]
    },
    {
      "mode": "managed",
      "type": "aws_vpc",
      "name": "eks_vpc",
      "provider": "provider[\"registry.terraform.io/hashicorp/aws\"]",
      "instances": [
        {
          "schema_version": 1,
          "attributes": {
            "arn": "arn:aws:ec2:us-east-1:702517372063:vpc/vpc-014eeb0665a6d7e4f",
            "assign_generated_ipv6_cidr_block": false,
            "cidr_block": "10.0.0.0/16",
            "default_network_acl_id": "acl-08290e5843e2f0bc0",
            "default_route_table_id": "rtb-07b6c65e4928406c5",
            "default_security_group_id": "sg-0b767db69cadb85f0",
            "dhcp_options_id": "dopt-0e40036dc25e8cd8c",
            "enable_dns_hostnames": false,
            "enable_dns_support": true,
            "enable_network_address_usage_metrics": false,
            "id": "vpc-014eeb0665a6d7e4f",
            "instance_tenancy": "default",
            "ipv4_ipam_pool_id": null,
            "ipv4_netmask_length": null,
            "ipv6_association_id": "",
            "ipv6_cidr_block": "",
            "ipv6_cidr_block_network_border_group": "",
            "ipv6_ipam_pool_id": "",
            "ipv6_netmask_length": 0,
            "main_route_table_id": "rtb-07b6c65e4928406c5",
            "owner_id": "702517372063",
            "tags": {
              "Name": "eks-vpc"
            },
            "tags_all": {
              "Name": "eks-vpc"
            }
          },
          "sensitive_attributes": [],
          "private": "eyJzY2hlbWFfdmVyc2lvbiI6IjEifQ==",
          "create_before_destroy": true
        }
      ]
    },
    {
      "module": "module.eks",
      "mode": "data",
      "type": "aws_caller_identity",
      "name": "current",
      "provider": "provider[\"registry.terraform.io/hashicorp/aws\"]",
      "instances": [
        {
          "index_key": 0,
          "schema_version": 0,
          "attributes": {
            "account_id": "702517372063",
            "arn": "arn:aws:iam::702517372063:user/Saurabh",
            "id": "702517372063",
            "user_id": "AIDA2HEKMMSP3VRALFTCO"
          },
          "sensitive_attributes": []
        }
      ]
    },
    {
      "module": "module.eks",
      "mode": "data",
      "type": "aws_iam_policy_document",
      "name": "assume_role_policy",
      "provider": "provider[\"registry.terraform.io/hashicorp/aws\"]",
      "instances": [
        {
          "index_key": 0,
          "schema_version": 0,
          "attributes": {
            "id": "2830595799",
            "json": "{\n  \"Version\": \"2012-10-17\",\n  \"Statement\": [\n    {\n      \"Sid\": \"EKSClusterAssumeRole\",\n      \"Effect\": \"Allow\",\n      \"Action\": [\n        \"sts:TagSession\",\n        \"sts:AssumeRole\"\n      ],\n      \"Principal\": {\n        \"Service\": \"eks.amazonaws.com\"\n      }\n    }\n  ]\n}",
            "minified_json": "{\"Version\":\"2012-10-17\",\"Statement\":[{\"Sid\":\"EKSClusterAssumeRole\",\"Effect\":\"Allow\",\"Action\":[\"sts:TagSession\",\"sts:AssumeRole\"],\"Principal\":{\"Service\":\"eks.amazonaws.com\"}}]}",
            "override_json": null,
            "override_policy_documents": null,
            "policy_id": null,
            "source_json": null,
            "source_policy_documents": null,
            "statement": [
              {
                "actions": [
                  "sts:AssumeRole",
                  "sts:TagSession"
                ],
                "condition": [],
                "effect": "Allow",
                "not_actions": [],
                "not_principals": [],
                "not_resources": [],
                "principals": [
                  {
                    "identifiers": [
                      "eks.amazonaws.com"
                    ],
                    "type": "Service"
                  }
                ],
                "resources": [],
                "sid": "EKSClusterAssumeRole"
              }
            ],
            "version": "2012-10-17"
          },
          "sensitive_attributes": []
        }
      ]
    },
    {
      "module": "module.eks",
      "mode": "data",
      "type": "aws_iam_policy_document",
      "name": "custom",
      "provider": "provider[\"registry.terraform.io/hashicorp/aws\"]",
      "instances": [
        {
          "index_key": 0,
          "schema_version": 0,
          "attributes": {
            "id": "513122117",
            "json": "{\n  \"Version\": \"2012-10-17\",\n  \"Statement\": [\n    {\n      \"Sid\": \"Compute\",\n      \"Effect\": \"Allow\",\n      \"Action\": [\n        \"ec2:RunInstances\",\n        \"ec2:CreateLaunchTemplate\",\n        \"ec2:CreateFleet\"\n      ],\n      \"Resource\": \"*\",\n      \"Condition\": {\n        \"StringEquals\": {\n          \"aws:RequestTag/eks:eks-cluster-name\": \"${aws:PrincipalTag/eks:eks-cluster-name}\"\n        },\n        \"StringLike\": {\n          \"aws:RequestTag/eks:kubernetes-node-class-name\": \"*\",\n          \"aws:RequestTag/eks:kubernetes-node-pool-name\": \"*\"\n        }\n      }\n    },\n    {\n      \"Sid\": \"Storage\",\n      \"Effect\": \"Allow\",\n      \"Action\": [\n        \"ec2:CreateVolume\",\n        \"ec2:CreateSnapshot\"\n      ],\n      \"Resource\": [\n        \"arn:aws:ec2:*:*:volume/*\",\n        \"arn:aws:ec2:*:*:snapshot/*\"\n      ],\n      \"Condition\": {\n        \"StringEquals\": {\n          \"aws:RequestTag/eks:eks-cluster-name\": \"${aws:PrincipalTag/eks:eks-cluster-name}\"\n        }\n      }\n    },\n    {\n      \"Sid\": \"Networking\",\n      \"Effect\": \"Allow\",\n      \"Action\": \"ec2:CreateNetworkInterface\",\n      \"Resource\": \"*\",\n      \"Condition\": {\n        \"StringEquals\": {\n          \"aws:RequestTag/eks:eks-cluster-name\": \"${aws:PrincipalTag/eks:eks-cluster-name}\",\n          \"aws:RequestTag/eks:kubernetes-cni-node-name\": \"*\"\n        }\n      }\n    },\n    {\n      \"Sid\": \"LoadBalancer\",\n      \"Effect\": \"Allow\",\n      \"Action\": [\n        \"elasticloadbalancing:CreateTargetGroup\",\n        \"elasticloadbalancing:CreateRule\",\n        \"elasticloadbalancing:CreateLoadBalancer\",\n        \"elasticloadbalancing:CreateListener\",\n        \"ec2:CreateSecurityGroup\"\n      ],\n      \"Resource\": \"*\",\n      \"Condition\": {\n        \"StringEquals\": {\n          \"aws:RequestTag/eks:eks-cluster-name\": \"${aws:PrincipalTag/eks:eks-cluster-name}\"\n        }\n      }\n    },\n    {\n      \"Sid\": \"ShieldProtection\",\n      \"Effect\": \"Allow\",\n      \"Action\": \"shield:CreateProtection\",\n      \"Resource\": \"*\",\n      \"Condition\": {\n        \"StringEquals\": {\n          \"aws:RequestTag/eks:eks-cluster-name\": \"${aws:PrincipalTag/eks:eks-cluster-name}\"\n        }\n      }\n    },\n    {\n      \"Sid\": \"ShieldTagResource\",\n      \"Effect\": \"Allow\",\n      \"Action\": \"shield:TagResource\",\n      \"Resource\": \"arn:aws:shield::*:protection/*\",\n      \"Condition\": {\n        \"StringEquals\": {\n          \"aws:RequestTag/eks:eks-cluster-name\": \"${aws:PrincipalTag/eks:eks-cluster-name}\"\n        }\n      }\n    }\n  ]\n}",
            "minified_json": "{\"Version\":\"2012-10-17\",\"Statement\":[{\"Sid\":\"Compute\",\"Effect\":\"Allow\",\"Action\":[\"ec2:RunInstances\",\"ec2:CreateLaunchTemplate\",\"ec2:CreateFleet\"],\"Resource\":\"*\",\"Condition\":{\"StringEquals\":{\"aws:RequestTag/eks:eks-cluster-name\":\"${aws:PrincipalTag/eks:eks-cluster-name}\"},\"StringLike\":{\"aws:RequestTag/eks:kubernetes-node-class-name\":\"*\",\"aws:RequestTag/eks:kubernetes-node-pool-name\":\"*\"}}},{\"Sid\":\"Storage\",\"Effect\":\"Allow\",\"Action\":[\"ec2:CreateVolume\",\"ec2:CreateSnapshot\"],\"Resource\":[\"arn:aws:ec2:*:*:volume/*\",\"arn:aws:ec2:*:*:snapshot/*\"],\"Condition\":{\"StringEquals\":{\"aws:RequestTag/eks:eks-cluster-name\":\"${aws:PrincipalTag/eks:eks-cluster-name}\"}}},{\"Sid\":\"Networking\",\"Effect\":\"Allow\",\"Action\":\"ec2:CreateNetworkInterface\",\"Resource\":\"*\",\"Condition\":{\"StringEquals\":{\"aws:RequestTag/eks:eks-cluster-name\":\"${aws:PrincipalTag/eks:eks-cluster-name}\",\"aws:RequestTag/eks:kubernetes-cni-node-name\":\"*\"}}},{\"Sid\":\"LoadBalancer\",\"Effect\":\"Allow\",\"Action\":[\"elasticloadbalancing:CreateTargetGroup\",\"elasticloadbalancing:CreateRule\",\"elasticloadbalancing:CreateLoadBalancer\",\"elasticloadbalancing:CreateListener\",\"ec2:CreateSecurityGroup\"],\"Resource\":\"*\",\"Condition\":{\"StringEquals\":{\"aws:RequestTag/eks:eks-cluster-name\":\"${aws:PrincipalTag/eks:eks-cluster-name}\"}}},{\"Sid\":\"ShieldProtection\",\"Effect\":\"Allow\",\"Action\":\"shield:CreateProtection\",\"Resource\":\"*\",\"Condition\":{\"StringEquals\":{\"aws:RequestTag/eks:eks-cluster-name\":\"${aws:PrincipalTag/eks:eks-cluster-name}\"}}},{\"Sid\":\"ShieldTagResource\",\"Effect\":\"Allow\",\"Action\":\"shield:TagResource\",\"Resource\":\"arn:aws:shield::*:protection/*\",\"Condition\":{\"StringEquals\":{\"aws:RequestTag/eks:eks-cluster-name\":\"${aws:PrincipalTag/eks:eks-cluster-name}\"}}}]}",
            "override_json": null,
            "override_policy_documents": null,
            "policy_id": null,
            "source_json": null,
            "source_policy_documents": null,
            "statement": [
              {
                "actions": [
                  "ec2:CreateFleet",
                  "ec2:CreateLaunchTemplate",
                  "ec2:RunInstances"
                ],
                "condition": [
                  {
                    "test": "StringEquals",
                    "values": [
                      "${aws:PrincipalTag/eks:eks-cluster-name}"
                    ],
                    "variable": "aws:RequestTag/eks:eks-cluster-name"
                  },
                  {
                    "test": "StringLike",
                    "values": [
                      "*"
                    ],
                    "variable": "aws:RequestTag/eks:kubernetes-node-class-name"
                  },
                  {
                    "test": "StringLike",
                    "values": [
                      "*"
                    ],
                    "variable": "aws:RequestTag/eks:kubernetes-node-pool-name"
                  }
                ],
                "effect": "Allow",
                "not_actions": [],
                "not_principals": [],
                "not_resources": [],
                "principals": [],
                "resources": [
                  "*"
                ],
                "sid": "Compute"
              },
              {
                "actions": [
                  "ec2:CreateSnapshot",
                  "ec2:CreateVolume"
                ],
                "condition": [
                  {
                    "test": "StringEquals",
                    "values": [
                      "${aws:PrincipalTag/eks:eks-cluster-name}"
                    ],
                    "variable": "aws:RequestTag/eks:eks-cluster-name"
                  }
                ],
                "effect": "Allow",
                "not_actions": [],
                "not_principals": [],
                "not_resources": [],
                "principals": [],
                "resources": [
                  "arn:aws:ec2:*:*:snapshot/*",
                  "arn:aws:ec2:*:*:volume/*"
                ],
                "sid": "Storage"
              },
              {
                "actions": [
                  "ec2:CreateNetworkInterface"
                ],
                "condition": [
                  {
                    "test": "StringEquals",
                    "values": [
                      "${aws:PrincipalTag/eks:eks-cluster-name}"
                    ],
                    "variable": "aws:RequestTag/eks:eks-cluster-name"
                  },
                  {
                    "test": "StringEquals",
                    "values": [
                      "*"
                    ],
                    "variable": "aws:RequestTag/eks:kubernetes-cni-node-name"
                  }
                ],
                "effect": "Allow",
                "not_actions": [],
                "not_principals": [],
                "not_resources": [],
                "principals": [],
                "resources": [
                  "*"
                ],
                "sid": "Networking"
              },
              {
                "actions": [
                  "ec2:CreateSecurityGroup",
                  "elasticloadbalancing:CreateListener",
                  "elasticloadbalancing:CreateLoadBalancer",
                  "elasticloadbalancing:CreateRule",
                  "elasticloadbalancing:CreateTargetGroup"
                ],
                "condition": [
                  {
                    "test": "StringEquals",
                    "values": [
                      "${aws:PrincipalTag/eks:eks-cluster-name}"
                    ],
                    "variable": "aws:RequestTag/eks:eks-cluster-name"
                  }
                ],
                "effect": "Allow",
                "not_actions": [],
                "not_principals": [],
                "not_resources": [],
                "principals": [],
                "resources": [
                  "*"
                ],
                "sid": "LoadBalancer"
              },
              {
                "actions": [
                  "shield:CreateProtection"
                ],
                "condition": [
                  {
                    "test": "StringEquals",
                    "values": [
                      "${aws:PrincipalTag/eks:eks-cluster-name}"
                    ],
                    "variable": "aws:RequestTag/eks:eks-cluster-name"
                  }
                ],
                "effect": "Allow",
                "not_actions": [],
                "not_principals": [],
                "not_resources": [],
                "principals": [],
                "resources": [
                  "*"
                ],
                "sid": "ShieldProtection"
              },
              {
                "actions": [
                  "shield:TagResource"
                ],
                "condition": [
                  {
                    "test": "StringEquals",
                    "values": [
                      "${aws:PrincipalTag/eks:eks-cluster-name}"
                    ],
                    "variable": "aws:RequestTag/eks:eks-cluster-name"
                  }
                ],
                "effect": "Allow",
                "not_actions": [],
                "not_principals": [],
                "not_resources": [],
                "principals": [],
                "resources": [
                  "arn:aws:shield::*:protection/*"
                ],
                "sid": "ShieldTagResource"
              }
            ],
            "version": "2012-10-17"
          },
          "sensitive_attributes": []
        }
      ]
    },
    {
      "module": "module.eks",
      "mode": "data",
      "type": "aws_iam_session_context",
      "name": "current",
      "provider": "provider[\"registry.terraform.io/hashicorp/aws\"]",
      "instances": [
        {
          "index_key": 0,
          "schema_version": 0,
          "attributes": {
            "arn": "arn:aws:iam::702517372063:user/Saurabh",
            "id": "arn:aws:iam::702517372063:user/Saurabh",
            "issuer_arn": "arn:aws:iam::702517372063:user/Saurabh",
            "issuer_id": "",
            "issuer_name": "",
            "session_name": ""
          },
          "sensitive_attributes": []
        }
      ]
    },
    {
      "module": "module.eks",
      "mode": "data",
      "type": "aws_partition",
      "name": "current",
      "provider": "provider[\"registry.terraform.io/hashicorp/aws\"]",
      "instances": [
        {
          "index_key": 0,
          "schema_version": 0,
          "attributes": {
            "dns_suffix": "amazonaws.com",
            "id": "aws",
            "partition": "aws",
            "reverse_dns_prefix": "com.amazonaws"
          },
          "sensitive_attributes": []
        }
      ]
    },
    {
      "module": "module.eks",
      "mode": "data",
      "type": "tls_certificate",
      "name": "this",
      "provider": "provider[\"registry.terraform.io/hashicorp/tls\"]",
      "instances": [
        {
          "index_key": 0,
          "schema_version": 0,
          "attributes": {
            "certificates": [
              {
                "cert_pem": "-----BEGIN CERTIFICATE-----\nMIIEdTCCA12gAwIBAgIJAKcOSkw0grd/MA0GCSqGSIb3DQEBCwUAMGgxCzAJBgNV\nBAYTAlVTMSUwIwYDVQQKExxTdGFyZmllbGQgVGVjaG5vbG9naWVzLCBJbmMuMTIw\nMAYDVQQLEylTdGFyZmllbGQgQ2xhc3MgMiBDZXJ0aWZpY2F0aW9uIEF1dGhvcml0\neTAeFw0wOTA5MDIwMDAwMDBaFw0zNDA2MjgxNzM5MTZaMIGYMQswCQYDVQQGEwJV\nUzEQMA4GA1UECBMHQXJpem9uYTETMBEGA1UEBxMKU2NvdHRzZGFsZTElMCMGA1UE\nChMcU3RhcmZpZWxkIFRlY2hub2xvZ2llcywgSW5jLjE7MDkGA1UEAxMyU3RhcmZp\nZWxkIFNlcnZpY2VzIFJvb3QgQ2VydGlmaWNhdGUgQXV0aG9yaXR5IC0gRzIwggEi\nMA0GCSqGSIb3DQEBAQUAA4IBDwAwggEKAoIBAQDVDDrEKvlO4vW+GZdfjohTsR8/\ny8+fIBNtKTrID30892t2OGPZNmCom15cAICyL1l/9of5JUOG52kbUpqQ4XHj2C0N\nTm/2yEnZtvMaVq4rtnQU68/7JuMauh2WLmo7WJSJR1b/JaCTcFOD2oR0FMNnngRo\nOt+OQFodSk7PQ5E751bWAHDLUu57fa4657wx+UX2wmDPE1kCK4DMNEffud6QZW0C\nzyyRpqbn3oUYSXxmTqM6bam17jQuug0DuDPfR+uxa40l2ZvOgdFFRjKWcIfeAg5J\nQ4W2bHO7ZOphQazJ1FTfhy/HIrImzJ9ZVGif/L4qL8RVHHVAYBeFAlU5i38FAgMB\nAAGjgfAwge0wDwYDVR0TAQH/BAUwAwEB/zAOBgNVHQ8BAf8EBAMCAYYwHQYDVR0O\nBBYEFJxfAN+qAdcwKziIorhtSpzyEZGDMB8GA1UdIwQYMBaAFL9ft9HO3R+G9FtV\nrNzXEMIOqYjnME8GCCsGAQUFBwEBBEMwQTAcBggrBgEFBQcwAYYQaHR0cDovL28u\nc3MyLnVzLzAhBggrBgEFBQcwAoYVaHR0cDovL3guc3MyLnVzL3guY2VyMCYGA1Ud\nHwQfMB0wG6AZoBeGFWh0dHA6Ly9zLnNzMi51cy9yLmNybDARBgNVHSAECjAIMAYG\nBFUdIAAwDQYJKoZIhvcNAQELBQADggEBACMd44pXyn3pF3lM8R5V/cxTbj5HD9/G\nVfKyBDbtgB9TxF00KGu+x1X8Z+rLP3+QsjPNG1gQggL4+C/1E2DUBc7xgQjB3ad1\nl08YuW3e95ORCLp+QCztweq7dp4zBncdDQh/U90bZKuCJ/Fp1U1ervShw3WnWEQt\n8jxwmKy6abaVd38PMV4s/KCHOkdp8Hlf9BRUpJVeEXgSYCfOn8J3/yNTd126/+pZ\n59vPr5KW7ySaNRB6nJHGDn2Z9j8Z3/VyVOEVqQdZe4O/Ui5GjLIAZHYcSNPYeehu\nVsyuLAOQ1xk4meTKCRlb/weWsKh/NEnfVqn3sF/tM+2MR7cwA130A4w=\n-----END CERTIFICATE-----\n",
                "is_ca": true,
                "issuer": "OU=Starfield Class 2 Certification Authority,O=Starfield Technologies\\, Inc.,C=US",
                "not_after": "2034-06-28T17:39:16Z",
                "not_before": "2009-09-02T00:00:00Z",
                "public_key_algorithm": "RSA",
                "serial_number": "12037640545166866303",
                "sha1_fingerprint": "9e99a48a9960b14926bb7f3b02e22da2b0ab7280",
                "signature_algorithm": "SHA256-RSA",
                "subject": "CN=Starfield Services Root Certificate Authority - G2,O=Starfield Technologies\\, Inc.,L=Scottsdale,ST=Arizona,C=US",
                "version": 3
              },
              {
                "cert_pem": "-----BEGIN CERTIFICATE-----\nMIIEkjCCA3qgAwIBAgITBn+USionzfP6wq4rAfkI7rnExjANBgkqhkiG9w0BAQsF\nADCBmDELMAkGA1UEBhMCVVMxEDAOBgNVBAgTB0FyaXpvbmExEzARBgNVBAcTClNj\nb3R0c2RhbGUxJTAjBgNVBAoTHFN0YXJmaWVsZCBUZWNobm9sb2dpZXMsIEluYy4x\nOzA5BgNVBAMTMlN0YXJmaWVsZCBTZXJ2aWNlcyBSb290IENlcnRpZmljYXRlIEF1\ndGhvcml0eSAtIEcyMB4XDTE1MDUyNTEyMDAwMFoXDTM3MTIzMTAxMDAwMFowOTEL\nMAkGA1UEBhMCVVMxDzANBgNVBAoTBkFtYXpvbjEZMBcGA1UEAxMQQW1hem9uIFJv\nb3QgQ0EgMTCCASIwDQYJKoZIhvcNAQEBBQADggEPADCCAQoCggEBALJ4gHHKeNXj\nca9HgFB0fW7Y14h29Jlo91ghYPl0hAEvrAIthtOgQ3pOsqTQNroBvo3bSMgHFzZM\n9O6II8c+6zf1tRn4SWiw3te5djgdYZ6k/oI2peVKVuRF4fn9tBb6dNqcmzU5L/qw\nIFAGbHrQgLKm+a/sRxmPUDgH3KKHOVj4utWp+UhnMJbulHheb4mjUcAwhmahRWa6\nVOujw5H5SNz/0egwLX0tdHA114gk957EWW67c4cX8jJGKLhD+rcdqsq08p8kDi1L\n93FcXmn/6pUCyziKrlA4b9v7LWIbxcceVOF34GfID5yHI9Y/QCB/IIDEgEw+OyQm\njgSubJrIqg0CAwEAAaOCATEwggEtMA8GA1UdEwEB/wQFMAMBAf8wDgYDVR0PAQH/\nBAQDAgGGMB0GA1UdDgQWBBSEGMyFNOy8DJSULghZnMeyEE4KCDAfBgNVHSMEGDAW\ngBScXwDfqgHXMCs4iKK4bUqc8hGRgzB4BggrBgEFBQcBAQRsMGowLgYIKwYBBQUH\nMAGGImh0dHA6Ly9vY3NwLnJvb3RnMi5hbWF6b250cnVzdC5jb20wOAYIKwYBBQUH\nMAKGLGh0dHA6Ly9jcnQucm9vdGcyLmFtYXpvbnRydXN0LmNvbS9yb290ZzIuY2Vy\nMD0GA1UdHwQ2MDQwMqAwoC6GLGh0dHA6Ly9jcmwucm9vdGcyLmFtYXpvbnRydXN0\nLmNvbS9yb290ZzIuY3JsMBEGA1UdIAQKMAgwBgYEVR0gADANBgkqhkiG9w0BAQsF\nAAOCAQEAYjdCXLwQtT6LLOkMm2xF4gcAevnFWAu5CIw+7bMlPLVvUOTNNWqnkzSW\nMiGpSESrnO09tKpzbeR/FoCJbM8oAxiDR3mjEH4wW6w7sGDgd9QIpuEdfF7Au/ma\neyKdpwAJfqxGF4PcnCZXmTA5YpaP7dreqsXMGz7KQ2hsVxa81Q4gLv7/wmpdLqBK\nbRRYh5TmOTFffHPLkIhqhBGWJ6bt2YFGpn6jcgAKUj6DiAdjd4lpFw85hdKrCEVN\n0FE6/V1dN2RMfjCyVSRCnTawXZwXgWHxyvkQAiSr6w10kY17RSlQOYiypok1JR4U\nakcjMS9cmvqtmg5iUaQqqcT5NJ0hGA==\n-----END CERTIFICATE-----\n",
                "is_ca": true,
                "issuer": "CN=Starfield Services Root Certificate Authority - G2,O=Starfield Technologies\\, Inc.,L=Scottsdale,ST=Arizona,C=US",
                "not_after": "2037-12-31T01:00:00Z",
                "not_before": "2015-05-25T12:00:00Z",
                "public_key_algorithm": "RSA",
                "serial_number": "144918191876577076464031512351042010504348870",
                "sha1_fingerprint": "06b25927c42a721631c1efd9431e648fa62e1e39",
                "signature_algorithm": "SHA256-RSA",
                "subject": "CN=Amazon Root CA 1,O=Amazon,C=US",
                "version": 3
              },
              {
                "cert_pem": "-----BEGIN CERTIFICATE-----\nMIIEXjCCA0agAwIBAgITB3MSSkvL1E7HtTvq8ZSELToPoTANBgkqhkiG9w0BAQsF\nADA5MQswCQYDVQQGEwJVUzEPMA0GA1UEChMGQW1hem9uMRkwFwYDVQQDExBBbWF6\nb24gUm9vdCBDQSAxMB4XDTIyMDgyMzIyMjUzMFoXDTMwMDgyMzIyMjUzMFowPDEL\nMAkGA1UEBhMCVVMxDzANBgNVBAoTBkFtYXpvbjEcMBoGA1UEAxMTQW1hem9uIFJT\nQSAyMDQ4IE0wMjCCASIwDQYJKoZIhvcNAQEBBQADggEPADCCAQoCggEBALtDGMZa\nqHneKei1by6+pUPPLljTB143Si6VpEWPc6mSkFhZb/6qrkZyoHlQLbDYnI2D7hD0\nsdzEqfnuAjIsuXQLG3A8TvX6V3oFNBFVe8NlLJHvBseKY88saLwufxkZVwk74g4n\nWlNMXzla9Y5F3wwRHwMVH443xGz6UtGSZSqQ94eFx5X7Tlqt8whi8qCaKdZ5rNak\n+r9nUThOeClqFd4oXych//Rc7Y0eX1KNWHYSI1Nk31mYgiK3JvH063g+K9tHA63Z\neTgKgndlh+WI+zv7i44HepRZjA1FYwYZ9Vv/9UkC5Yz8/yU65fgjaE+wVHM4e/Yy\nC2osrPWE7gJ+dXMCAwEAAaOCAVowggFWMBIGA1UdEwEB/wQIMAYBAf8CAQAwDgYD\nVR0PAQH/BAQDAgGGMB0GA1UdJQQWMBQGCCsGAQUFBwMBBggrBgEFBQcDAjAdBgNV\nHQ4EFgQUwDFSzVpQw4J8dHHOy+mc+XrrguIwHwYDVR0jBBgwFoAUhBjMhTTsvAyU\nlC4IWZzHshBOCggwewYIKwYBBQUHAQEEbzBtMC8GCCsGAQUFBzABhiNodHRwOi8v\nb2NzcC5yb290Y2ExLmFtYXpvbnRydXN0LmNvbTA6BggrBgEFBQcwAoYuaHR0cDov\nL2NydC5yb290Y2ExLmFtYXpvbnRydXN0LmNvbS9yb290Y2ExLmNlcjA/BgNVHR8E\nODA2MDSgMqAwhi5odHRwOi8vY3JsLnJvb3RjYTEuYW1hem9udHJ1c3QuY29tL3Jv\nb3RjYTEuY3JsMBMGA1UdIAQMMAowCAYGZ4EMAQIBMA0GCSqGSIb3DQEBCwUAA4IB\nAQAtTi6Fs0Azfi+iwm7jrz+CSxHH+uHl7Law3MQSXVtR8RV53PtR6r/6gNpqlzdo\nZq4FKbADi1v9Bun8RY8D51uedRfjsbeodizeBB8nXmeyD33Ep7VATj4ozcd31YFV\nfgRhvTSxNrrTlNpWkUk0m3BMPv8sg381HhA6uEYokE5q9uws/3YkKqRiEz3TsaWm\nJqIRZhMbgAfp7O7FUwFIb7UIspogZSKxPIWJpxiPo3TcBambbVtQOcNRWz5qCQdD\nslI2yayq0n2TXoHyNCLEH8rpsJRVILFsg0jc7BaFrMnF462+ajSehgj12IidNeRN\n4zl+EoNaWdpnWndvSpAEkq2P\n-----END CERTIFICATE-----\n",
                "is_ca": true,
                "issuer": "CN=Amazon Root CA 1,O=Amazon,C=US",
                "not_after": "2030-08-23T22:25:30Z",
                "not_before": "2022-08-23T22:25:30Z",
                "public_key_algorithm": "RSA",
                "serial_number": "166129353110899469622597955040406457904926625",
                "sha1_fingerprint": "414a2060b738c635cc7fc243e052615592830c53",
                "signature_algorithm": "SHA256-RSA",
                "subject": "CN=Amazon RSA 2048 M02,O=Amazon,C=US",
                "version": 3
              },
              {
                "cert_pem": "-----BEGIN CERTIFICATE-----\nMIIF5TCCBM2gAwIBAgIQCJL9XGbawpZ6IsGGvDqdyDANBgkqhkiG9w0BAQsFADA8\nMQswCQYDVQQGEwJVUzEPMA0GA1UEChMGQW1hem9uMRwwGgYDVQQDExNBbWF6b24g\nUlNBIDIwNDggTTAyMB4XDTI0MDMyODAwMDAwMFoXDTI1MDQyNjIzNTk1OVowKDEm\nMCQGA1UEAwwdKi5la3MudXMtZWFzdC0xLmFtYXpvbmF3cy5jb20wggEiMA0GCSqG\nSIb3DQEBAQUAA4IBDwAwggEKAoIBAQC4iVpgxjgOmMKdC2tYTHa9yzuuLdYCjpC6\nxN1VgI71uTiSxUGf6R3N/Rdk5vjz2COu3fsVgMh6cCpqrPlxU/5uP0/DFfQGdVxB\nbZ4vYRC9jIbgyKmwqOEJMD/9B3iGHz3KpBpnXDcuulqWsCtuuqxjnMLL4h1UdOeA\nPNwhOyQxKMHl+LfrCZeCuehKch+XM/8lhdKgYyLp8o1Nm7IsNG1aN6iNoZ6rxEyU\nVw6fV+pZDaIrxkYf7unQrAfUWR122pXGzWRtv5VGZLjrci8ev4ZpgGViIzb2LOqT\nFm8gde6aURlAm4uMDFzmZ/iOqEV+52vO9Z0E6Yo5M3dJZqQo7uUpAgMBAAGjggL1\nMIIC8TAfBgNVHSMEGDAWgBTAMVLNWlDDgnx0cc7L6Zz5euuC4jAdBgNVHQ4EFgQU\nhG1ZDKa76htLZVXP+E3P3GnYHjEwKAYDVR0RBCEwH4IdKi5la3MudXMtZWFzdC0x\nLmFtYXpvbmF3cy5jb20wEwYDVR0gBAwwCjAIBgZngQwBAgEwDgYDVR0PAQH/BAQD\nAgWgMB0GA1UdJQQWMBQGCCsGAQUFBwMBBggrBgEFBQcDAjA7BgNVHR8ENDAyMDCg\nLqAshipodHRwOi8vY3JsLnIybTAyLmFtYXpvbnRydXN0LmNvbS9yMm0wMi5jcmww\ndQYIKwYBBQUHAQEEaTBnMC0GCCsGAQUFBzABhiFodHRwOi8vb2NzcC5yMm0wMi5h\nbWF6b250cnVzdC5jb20wNgYIKwYBBQUHMAKGKmh0dHA6Ly9jcnQucjJtMDIuYW1h\nem9udHJ1c3QuY29tL3IybTAyLmNlcjAMBgNVHRMBAf8EAjAAMIIBfQYKKwYBBAHW\neQIEAgSCAW0EggFpAWcAdgDPEVbu1S58r/OHW9lpLpvpGnFnSrAX7KwB0lt3zsw7\nCAAAAY6HAoTcAAAEAwBHMEUCIHI392+k5Ds777nM4CwNr+xjjCr49CQ/vHIJDZJX\nokM7AiEA++VPDyyMLijPy0GR8ZBIvAcrYbjfJXTF3GkizeJLVJIAdgB9WR4S4Xgq\nexxhZ3xe/fjQh1wUoE6VnrkDL9kOjC55uAAAAY6HAoTeAAAEAwBHMEUCICBkhMaf\n9gdR3bCbLxXFbHNEXUh7t3P/SxaUKDcE6UmIAiEA25zZ9aBt/mrhDcMc155V8qnw\nadTEqttLdP4XMEmMsPAAdQDm0jFjQHeMwRBBBtdxuc7B0kD2loSG+7qHMh39HjeO\nUAAAAY6HAoTxAAAEAwBGMEQCIFFF4kpqcNgHFzRi2cnL4HbNApZlnlc+Re9IyYXi\nCldqAiBkZUgs12iu2uWGU97VUAICt2+zZkhjUV3i+O3kYh1yrTANBgkqhkiG9w0B\nAQsFAAOCAQEAWY5OxR7rWtYFS09xAYYIHlBF7wdUxQH60zi/IqAHZIRCFI1xHdsJ\n0BUv30lLyiGtVr4DheBo81/IErBRpXmSkdoDJA+5d/Jz3EFtbrVogjESALAgBfSG\nuJX0QLshjyTl9O2r00qkxIhbKmSPSl9JQVxqt2jTaB6pD3SjWX6U+l397Ns1L6pI\nb1418oVo7LeHwEeEx6APMIyjzlfcXdCHA6lVKeiNF8SH+QW+h6ZOpGXJIU6llBjg\nWAhscqrGRj1APpuKWGVkVCweAjIOcEuWV8Fqmfp1h9jmeUkG6SoBifrl41PvhK0o\nqQ3LlAF6Op6n7JLa2rlXkf6LienZDVlSuQ==\n-----END CERTIFICATE-----\n",
                "is_ca": false,
                "issuer": "CN=Amazon RSA 2048 M02,O=Amazon,C=US",
                "not_after": "2025-04-26T23:59:59Z",
                "not_before": "2024-03-28T00:00:00Z",
                "public_key_algorithm": "RSA",
                "serial_number": "11397038078078022747295509550808604104",
                "sha1_fingerprint": "9451ad2b53c7f41fab22886cc07d482085336561",
                "signature_algorithm": "SHA256-RSA",
                "subject": "CN=*.eks.us-east-1.amazonaws.com",
                "version": 3
              }
            ],
            "content": null,
            "id": "99d41e43229a4cdaf4141f3e8310e6d95c31dab9",
            "url": "https://oidc.eks.us-east-1.amazonaws.com/id/08F5EDEFABB2B37356470A8CE873DCAE",
            "verify_chain": true
          },
          "sensitive_attributes": []
        }
      ]
    },
    {
      "module": "module.eks",
      "mode": "managed",
      "type": "aws_cloudwatch_log_group",
      "name": "this",
      "provider": "provider[\"registry.terraform.io/hashicorp/aws\"]",
      "instances": [
        {
          "index_key": 0,
          "schema_version": 0,
          "attributes": {
            "arn": "arn:aws:logs:us-east-1:702517372063:log-group:/aws/eks/my-project-cluster/cluster",
            "id": "/aws/eks/my-project-cluster/cluster",
            "kms_key_id": "",
            "log_group_class": "STANDARD",
            "name": "/aws/eks/my-project-cluster/cluster",
            "name_prefix": "",
            "retention_in_days": 90,
            "skip_destroy": false,
            "tags": {
              "Environment": "Dev",
              "Name": "/aws/eks/my-project-cluster/cluster"
            },
            "tags_all": {
              "Environment": "Dev",
              "Name": "/aws/eks/my-project-cluster/cluster"
            }
          },
          "sensitive_attributes": [],
          "private": "bnVsbA==",
          "create_before_destroy": true
        }
      ]
    },
    {
      "module": "module.eks",
      "mode": "managed",
      "type": "aws_ec2_tag",
      "name": "cluster_primary_security_group",
      "provider": "provider[\"registry.terraform.io/hashicorp/aws\"]",
      "instances": [
        {
          "index_key": "Environment",
          "schema_version": 0,
          "attributes": {
            "id": "sg-053f93faeb4715461,Environment",
            "key": "Environment",
            "resource_id": "sg-053f93faeb4715461",
            "value": "Dev"
          },
          "sensitive_attributes": [],
          "private": "bnVsbA==",
          "dependencies": [
            "aws_subnet.eks_subnet",
            "aws_vpc.eks_vpc",
            "data.aws_availability_zones.available",
            "module.eks.aws_cloudwatch_log_group.this",
            "module.eks.aws_eks_cluster.this",
            "module.eks.aws_iam_policy.cni_ipv6_policy",
            "module.eks.aws_iam_role.eks_auto",
            "module.eks.aws_iam_role.this",
            "module.eks.aws_iam_role_policy_attachment.this",
            "module.eks.aws_security_group.cluster",
            "module.eks.aws_security_group.node",
            "module.eks.aws_security_group_rule.cluster",
            "module.eks.aws_security_group_rule.node",
            "module.eks.data.aws_caller_identity.current",
            "module.eks.data.aws_iam_policy_document.assume_role_policy",
            "module.eks.data.aws_iam_policy_document.cni_ipv6_policy",
            "module.eks.data.aws_iam_policy_document.node_assume_role_policy",
            "module.eks.data.aws_iam_session_context.current",
            "module.eks.data.aws_partition.current",
            "module.eks.module.kms.aws_kms_external_key.this",
            "module.eks.module.kms.aws_kms_key.this",
            "module.eks.module.kms.aws_kms_replica_external_key.this",
            "module.eks.module.kms.aws_kms_replica_key.this",
            "module.eks.module.kms.data.aws_caller_identity.current",
            "module.eks.module.kms.data.aws_iam_policy_document.this",
            "module.eks.module.kms.data.aws_partition.current"
          ]
        }
      ]
    },
    {
      "module": "module.eks",
      "mode": "managed",
      "type": "aws_eks_cluster",
      "name": "this",
      "provider": "provider[\"registry.terraform.io/hashicorp/aws\"]",
      "instances": [
        {
          "index_key": 0,
          "schema_version": 1,
          "attributes": {
            "access_config": [
              {
                "authentication_mode": "API_AND_CONFIG_MAP",
                "bootstrap_cluster_creator_admin_permissions": false
              }
            ],
            "arn": "arn:aws:eks:us-east-1:702517372063:cluster/my-project-cluster",
            "bootstrap_self_managed_addons": true,
            "certificate_authority": [
              {
                "data": "LS0tLS1CRUdJTiBDRVJUSUZJQ0FURS0tLS0tCk1JSURCVENDQWUyZ0F3SUJBZ0lJVTVVa1IvMjVOQ2N3RFFZSktvWklodmNOQVFFTEJRQXdGVEVUTUJFR0ExVUUKQXhNS2EzVmlaWEp1WlhSbGN6QWVGdzB5TlRBeE1qY3hNelE0TWpCYUZ3MHpOVEF4TWpVeE16VXpNakJhTUJVeApFekFSQmdOVkJBTVRDbXQxWW1WeWJtVjBaWE13Z2dFaU1BMEdDU3FHU0liM0RRRUJBUVVBQTRJQkR3QXdnZ0VLCkFvSUJBUUNpS1BlTFN6TmJ4ZXg0dGF6eE9wdTRkK091K2NSRGJ2dUwyZzBuVlhBQkcveWFwSnV2Z3haeUtncFQKMXlBcnBVcWRLSWVQN1pMemVUTVRZL2Y4ZUUxRmxTT3JBcWw3M2VQU2hiVkNCMmtsMnBaUnFiUEJwdGRGRXFzUwp0b1Y0Vm5nT0tjY00wcGNocGwrMXJSUFEwdG9BZEx0R3FCN29kN202ZStSdHFuemdUbitUTUd3VU5KakJjTU5rCldSSVRqajU2a01zQkhzWGVJQjJSbGhCcHhCRmltODl0dURPNzF6dWhCMUkzdmhONWs4VzJEaGhnY2tMM0o3WkcKWDd2OXorUHdBVytvY0tnbzlmbUVIVXRhcVJmVHJqWUI0SG9hTDZEQmVQQW8ycUZEeWJiLzZnQ2xsb0plekZQNApPUDZRR29pN1UvUDBaMncrVm9BTnNZU2psYlh0QWdNQkFBR2pXVEJYTUE0R0ExVWREd0VCL3dRRUF3SUNwREFQCkJnTlZIUk1CQWY4RUJUQURBUUgvTUIwR0ExVWREZ1FXQkJSNXdtUDlrN2lRVkhDVUhoSWlpQkJ2T2pFY3VEQVYKQmdOVkhSRUVEakFNZ2dwcmRXSmxjbTVsZEdWek1BMEdDU3FHU0liM0RRRUJDd1VBQTRJQkFRQUFEbC8yczA3VQpzT2ZmeDF2T1dSOEpIbkIzTzE2NXFwZUFhM1gwR0t4QUVaaEtRWTF4VnpGWU1MLzBySmZuZ2hmZ0dvdEpwVndSCmhNTWxseGVrM1M1djl0ckZuK04rN1k3WFFsNGdRMy9hUDJldmNBQ1NhNHZhZkJ6SUt1YzgzYkxvMldCREhqV1gKQnB5alN1bktSZ0QyWi9ZVlZWa2l3VEpINzZpQ2lXQVlWdUJNdTkyYk9DcnJvOUhiREdTeVJ2SUxJZkdRNDEzOQp5OWd4MVA2YlBDQyt4RHFOU1djazNKTzIraFhtb0E4YXFCVlJNclJpZWR3dUtDTHRSYndob3dVNTVpNkVZejluCmk3amZNUFRCQlNMc0p0RHNwTGFnR1BCZXYyb0FZdXB3elNkMGgrbHJKTTNLZ3NKZ0J5S3FuZmhZNW1Zb3Rnb3MKUmtveS9kUkc4WW85Ci0tLS0tRU5EIENFUlRJRklDQVRFLS0tLS0K"
              }
            ],
            "cluster_id": null,
            "compute_config": [],
            "created_at": "2025-01-27T13:48:52Z",
            "enabled_cluster_log_types": [
              "api",
              "audit",
              "authenticator"
            ],
            "encryption_config": [
              {
                "provider": [
                  {
                    "key_arn": "arn:aws:kms:us-east-1:702517372063:key/e5104751-425b-4325-b5d4-46ada5c3781f"
                  }
                ],
                "resources": [
                  "secrets"
                ]
              }
            ],
            "endpoint": "https://08F5EDEFABB2B37356470A8CE873DCAE.gr7.us-east-1.eks.amazonaws.com",
            "id": "my-project-cluster",
            "identity": [
              {
                "oidc": [
                  {
                    "issuer": "https://oidc.eks.us-east-1.amazonaws.com/id/08F5EDEFABB2B37356470A8CE873DCAE"
                  }
                ]
              }
            ],
            "kubernetes_network_config": [
              {
                "elastic_load_balancing": [
                  {
                    "enabled": false
                  }
                ],
                "ip_family": "ipv4",
                "service_ipv4_cidr": "172.20.0.0/16",
                "service_ipv6_cidr": ""
              }
            ],
            "name": "my-project-cluster",
            "outpost_config": [],
            "platform_version": "eks.38",
            "remote_network_config": [],
            "role_arn": "arn:aws:iam::702517372063:role/my-project-cluster-cluster-20250127134817344700000001",
            "status": "ACTIVE",
            "storage_config": [],
            "tags": {
              "Environment": "Dev",
              "terraform-aws-modules": "eks"
            },
            "tags_all": {
              "Environment": "Dev",
              "terraform-aws-modules": "eks"
            },
            "timeouts": {
              "create": null,
              "delete": null,
              "update": null
            },
            "upgrade_policy": [
              {
                "support_type": "EXTENDED"
              }
            ],
            "version": "1.27",
            "vpc_config": [
              {
                "cluster_security_group_id": "sg-053f93faeb4715461",
                "endpoint_private_access": true,
                "endpoint_public_access": false,
                "public_access_cidrs": [
                  "0.0.0.0/0"
                ],
                "security_group_ids": [
                  "sg-0cdb8728c8b3bc1f8"
                ],
                "subnet_ids": [
                  "subnet-04c7f24c42f274965",
                  "subnet-0d80880a0a36dbb46"
                ],
                "vpc_id": "vpc-014eeb0665a6d7e4f"
              }
            ],
            "zonal_shift_config": []
          },
          "sensitive_attributes": [],
          "private": "eyJlMmJmYjczMC1lY2FhLTExZTYtOGY4OC0zNDM2M2JjN2M0YzAiOnsiY3JlYXRlIjoxODAwMDAwMDAwMDAwLCJkZWxldGUiOjkwMDAwMDAwMDAwMCwidXBkYXRlIjozNjAwMDAwMDAwMDAwfSwic2NoZW1hX3ZlcnNpb24iOiIxIn0=",
          "dependencies": [
            "aws_subnet.eks_subnet",
            "aws_vpc.eks_vpc",
            "data.aws_availability_zones.available",
            "module.eks.aws_cloudwatch_log_group.this",
            "module.eks.aws_iam_policy.cni_ipv6_policy",
            "module.eks.aws_iam_role.eks_auto",
            "module.eks.aws_iam_role.this",
            "module.eks.aws_iam_role_policy_attachment.this",
            "module.eks.aws_security_group.cluster",
            "module.eks.aws_security_group.node",
            "module.eks.aws_security_group_rule.cluster",
            "module.eks.aws_security_group_rule.node",
            "module.eks.data.aws_caller_identity.current",
            "module.eks.data.aws_iam_policy_document.assume_role_policy",
            "module.eks.data.aws_iam_policy_document.cni_ipv6_policy",
            "module.eks.data.aws_iam_policy_document.node_assume_role_policy",
            "module.eks.data.aws_iam_session_context.current",
            "module.eks.data.aws_partition.current",
            "module.eks.module.kms.aws_kms_external_key.this",
            "module.eks.module.kms.aws_kms_key.this",
            "module.eks.module.kms.aws_kms_replica_external_key.this",
            "module.eks.module.kms.aws_kms_replica_key.this",
            "module.eks.module.kms.data.aws_caller_identity.current",
            "module.eks.module.kms.data.aws_iam_policy_document.this",
            "module.eks.module.kms.data.aws_partition.current"
          ],
          "create_before_destroy": true
        }
      ]
    },
    {
      "module": "module.eks",
      "mode": "managed",
      "type": "aws_iam_openid_connect_provider",
      "name": "oidc_provider",
      "provider": "provider[\"registry.terraform.io/hashicorp/aws\"]",
      "instances": [
        {
          "index_key": 0,
          "schema_version": 0,
          "attributes": {
            "arn": "arn:aws:iam::702517372063:oidc-provider/oidc.eks.us-east-1.amazonaws.com/id/08F5EDEFABB2B37356470A8CE873DCAE",
            "client_id_list": [
              "sts.amazonaws.com"
            ],
            "id": "arn:aws:iam::702517372063:oidc-provider/oidc.eks.us-east-1.amazonaws.com/id/08F5EDEFABB2B37356470A8CE873DCAE",
            "tags": {
              "Environment": "Dev",
              "Name": "my-project-cluster-eks-irsa"
            },
            "tags_all": {
              "Environment": "Dev",
              "Name": "my-project-cluster-eks-irsa"
            },
            "thumbprint_list": [
              "9e99a48a9960b14926bb7f3b02e22da2b0ab7280"
            ],
            "url": "oidc.eks.us-east-1.amazonaws.com/id/08F5EDEFABB2B37356470A8CE873DCAE"
          },
          "sensitive_attributes": [],
          "private": "bnVsbA==",
          "dependencies": [
            "aws_subnet.eks_subnet",
            "aws_vpc.eks_vpc",
            "data.aws_availability_zones.available",
            "module.eks.aws_cloudwatch_log_group.this",
            "module.eks.aws_eks_cluster.this",
            "module.eks.aws_iam_policy.cni_ipv6_policy",
            "module.eks.aws_iam_role.eks_auto",
            "module.eks.aws_iam_role.this",
            "module.eks.aws_iam_role_policy_attachment.this",
            "module.eks.aws_security_group.cluster",
            "module.eks.aws_security_group.node",
            "module.eks.aws_security_group_rule.cluster",
            "module.eks.aws_security_group_rule.node",
            "module.eks.data.aws_caller_identity.current",
            "module.eks.data.aws_iam_policy_document.assume_role_policy",
            "module.eks.data.aws_iam_policy_document.cni_ipv6_policy",
            "module.eks.data.aws_iam_policy_document.node_assume_role_policy",
            "module.eks.data.aws_iam_session_context.current",
            "module.eks.data.aws_partition.current",
            "module.eks.data.tls_certificate.this",
            "module.eks.module.kms.aws_kms_external_key.this",
            "module.eks.module.kms.aws_kms_key.this",
            "module.eks.module.kms.aws_kms_replica_external_key.this",
            "module.eks.module.kms.aws_kms_replica_key.this",
            "module.eks.module.kms.data.aws_caller_identity.current",
            "module.eks.module.kms.data.aws_iam_policy_document.this",
            "module.eks.module.kms.data.aws_partition.current"
          ]
        }
      ]
    },
    {
      "module": "module.eks",
      "mode": "managed",
      "type": "aws_iam_policy",
      "name": "cluster_encryption",
      "provider": "provider[\"registry.terraform.io/hashicorp/aws\"]",
      "instances": [
        {
          "index_key": 0,
          "schema_version": 0,
          "attributes": {
            "arn": "arn:aws:iam::702517372063:policy/my-project-cluster-cluster-ClusterEncryption20250127134849089500000008",
            "attachment_count": 0,
            "description": "Cluster encryption policy to allow cluster role to utilize CMK provided",
            "id": "arn:aws:iam::702517372063:policy/my-project-cluster-cluster-ClusterEncryption20250127134849089500000008",
            "name": "my-project-cluster-cluster-ClusterEncryption20250127134849089500000008",
            "name_prefix": "my-project-cluster-cluster-ClusterEncryption",
            "path": "/",
            "policy": "{\"Statement\":[{\"Action\":[\"kms:Encrypt\",\"kms:Decrypt\",\"kms:ListGrants\",\"kms:DescribeKey\"],\"Effect\":\"Allow\",\"Resource\":\"arn:aws:kms:us-east-1:702517372063:key/e5104751-425b-4325-b5d4-46ada5c3781f\"}],\"Version\":\"2012-10-17\"}",
            "policy_id": "ANPA2HEKMMSPRXBJT7GIR",
            "tags": {
              "Environment": "Dev"
            },
            "tags_all": {
              "Environment": "Dev"
            }
          },
          "sensitive_attributes": [],
          "private": "bnVsbA==",
          "dependencies": [
            "module.eks.aws_iam_role.this",
            "module.eks.data.aws_caller_identity.current",
            "module.eks.data.aws_iam_policy_document.assume_role_policy",
            "module.eks.data.aws_iam_session_context.current",
            "module.eks.module.kms.aws_kms_external_key.this",
            "module.eks.module.kms.aws_kms_key.this",
            "module.eks.module.kms.aws_kms_replica_external_key.this",
            "module.eks.module.kms.aws_kms_replica_key.this",
            "module.eks.module.kms.data.aws_caller_identity.current",
            "module.eks.module.kms.data.aws_iam_policy_document.this",
            "module.eks.module.kms.data.aws_partition.current"
          ]
        }
      ]
    },
    {
      "module": "module.eks",
      "mode": "managed",
      "type": "aws_iam_policy",
      "name": "custom",
      "provider": "provider[\"registry.terraform.io/hashicorp/aws\"]",
      "instances": [
        {
          "index_key": 0,
          "schema_version": 0,
          "attributes": {
            "arn": "arn:aws:iam::702517372063:policy/my-project-cluster-cluster-20250127134817345200000002",
            "attachment_count": 0,
            "description": "",
            "id": "arn:aws:iam::702517372063:policy/my-project-cluster-cluster-20250127134817345200000002",
            "name": "my-project-cluster-cluster-20250127134817345200000002",
            "name_prefix": "my-project-cluster-cluster-",
            "path": "/",
            "policy": "{\"Statement\":[{\"Action\":[\"ec2:RunInstances\",\"ec2:CreateLaunchTemplate\",\"ec2:CreateFleet\"],\"Condition\":{\"StringEquals\":{\"aws:RequestTag/eks:eks-cluster-name\":\"${aws:PrincipalTag/eks:eks-cluster-name}\"},\"StringLike\":{\"aws:RequestTag/eks:kubernetes-node-class-name\":\"*\",\"aws:RequestTag/eks:kubernetes-node-pool-name\":\"*\"}},\"Effect\":\"Allow\",\"Resource\":\"*\",\"Sid\":\"Compute\"},{\"Action\":[\"ec2:CreateVolume\",\"ec2:CreateSnapshot\"],\"Condition\":{\"StringEquals\":{\"aws:RequestTag/eks:eks-cluster-name\":\"${aws:PrincipalTag/eks:eks-cluster-name}\"}},\"Effect\":\"Allow\",\"Resource\":[\"arn:aws:ec2:*:*:volume/*\",\"arn:aws:ec2:*:*:snapshot/*\"],\"Sid\":\"Storage\"},{\"Action\":\"ec2:CreateNetworkInterface\",\"Condition\":{\"StringEquals\":{\"aws:RequestTag/eks:eks-cluster-name\":\"${aws:PrincipalTag/eks:eks-cluster-name}\",\"aws:RequestTag/eks:kubernetes-cni-node-name\":\"*\"}},\"Effect\":\"Allow\",\"Resource\":\"*\",\"Sid\":\"Networking\"},{\"Action\":[\"elasticloadbalancing:CreateTargetGroup\",\"elasticloadbalancing:CreateRule\",\"elasticloadbalancing:CreateLoadBalancer\",\"elasticloadbalancing:CreateListener\",\"ec2:CreateSecurityGroup\"],\"Condition\":{\"StringEquals\":{\"aws:RequestTag/eks:eks-cluster-name\":\"${aws:PrincipalTag/eks:eks-cluster-name}\"}},\"Effect\":\"Allow\",\"Resource\":\"*\",\"Sid\":\"LoadBalancer\"},{\"Action\":\"shield:CreateProtection\",\"Condition\":{\"StringEquals\":{\"aws:RequestTag/eks:eks-cluster-name\":\"${aws:PrincipalTag/eks:eks-cluster-name}\"}},\"Effect\":\"Allow\",\"Resource\":\"*\",\"Sid\":\"ShieldProtection\"},{\"Action\":\"shield:TagResource\",\"Condition\":{\"StringEquals\":{\"aws:RequestTag/eks:eks-cluster-name\":\"${aws:PrincipalTag/eks:eks-cluster-name}\"}},\"Effect\":\"Allow\",\"Resource\":\"arn:aws:shield::*:protection/*\",\"Sid\":\"ShieldTagResource\"}],\"Version\":\"2012-10-17\"}",
            "policy_id": "ANPA2HEKMMSPSI36OANTI",
            "tags": {
              "Environment": "Dev"
            },
            "tags_all": {
              "Environment": "Dev"
            }
          },
          "sensitive_attributes": [],
          "private": "bnVsbA==",
          "dependencies": [
            "module.eks.data.aws_iam_policy_document.custom",
            "module.eks.data.aws_partition.current"
          ]
        }
      ]
    },
    {
      "module": "module.eks",
      "mode": "managed",
      "type": "aws_iam_role",
      "name": "this",
      "provider": "provider[\"registry.terraform.io/hashicorp/aws\"]",
      "instances": [
        {
          "index_key": 0,
          "schema_version": 0,
          "attributes": {
            "arn": "arn:aws:iam::702517372063:role/my-project-cluster-cluster-20250127134817344700000001",
            "assume_role_policy": "{\"Statement\":[{\"Action\":[\"sts:TagSession\",\"sts:AssumeRole\"],\"Effect\":\"Allow\",\"Principal\":{\"Service\":\"eks.amazonaws.com\"},\"Sid\":\"EKSClusterAssumeRole\"}],\"Version\":\"2012-10-17\"}",
            "create_date": "2025-01-27T13:48:18Z",
            "description": "",
            "force_detach_policies": true,
            "id": "my-project-cluster-cluster-20250127134817344700000001",
            "inline_policy": [],
            "managed_policy_arns": [],
            "max_session_duration": 3600,
            "name": "my-project-cluster-cluster-20250127134817344700000001",
            "name_prefix": "my-project-cluster-cluster-",
            "path": "/",
            "permissions_boundary": "",
            "tags": {
              "Environment": "Dev"
            },
            "tags_all": {
              "Environment": "Dev"
            },
            "unique_id": "AROA2HEKMMSPQQWA5OL35"
          },
          "sensitive_attributes": [],
          "private": "bnVsbA==",
          "dependencies": [
            "module.eks.data.aws_iam_policy_document.assume_role_policy"
          ],
          "create_before_destroy": true
        }
      ]
    },
    {
      "module": "module.eks",
      "mode": "managed",
      "type": "aws_iam_role_policy_attachment",
      "name": "cluster_encryption",
      "provider": "provider[\"registry.terraform.io/hashicorp/aws\"]",
      "instances": [
        {
          "index_key": 0,
          "schema_version": 0,
          "attributes": {
            "id": "my-project-cluster-cluster-20250127134817344700000001-20250127134850596000000009",
            "policy_arn": "arn:aws:iam::702517372063:policy/my-project-cluster-cluster-ClusterEncryption20250127134849089500000008",
            "role": "my-project-cluster-cluster-20250127134817344700000001"
          },
          "sensitive_attributes": [],
          "private": "bnVsbA==",
          "dependencies": [
            "module.eks.aws_iam_policy.cluster_encryption",
            "module.eks.aws_iam_role.this",
            "module.eks.data.aws_caller_identity.current",
            "module.eks.data.aws_iam_policy_document.assume_role_policy",
            "module.eks.data.aws_iam_session_context.current",
            "module.eks.module.kms.aws_kms_external_key.this",
            "module.eks.module.kms.aws_kms_key.this",
            "module.eks.module.kms.aws_kms_replica_external_key.this",
            "module.eks.module.kms.aws_kms_replica_key.this",
            "module.eks.module.kms.data.aws_caller_identity.current",
            "module.eks.module.kms.data.aws_iam_policy_document.this",
            "module.eks.module.kms.data.aws_partition.current"
          ]
        }
      ]
    },
    {
      "module": "module.eks",
      "mode": "managed",
      "type": "aws_iam_role_policy_attachment",
      "name": "custom",
      "provider": "provider[\"registry.terraform.io/hashicorp/aws\"]",
      "instances": [
        {
          "index_key": 0,
          "schema_version": 0,
          "attributes": {
            "id": "my-project-cluster-cluster-20250127134817344700000001-20250127134820486700000005",
            "policy_arn": "arn:aws:iam::702517372063:policy/my-project-cluster-cluster-20250127134817345200000002",
            "role": "my-project-cluster-cluster-20250127134817344700000001"
          },
          "sensitive_attributes": [],
          "private": "bnVsbA==",
          "dependencies": [
            "module.eks.aws_iam_policy.custom",
            "module.eks.aws_iam_role.this",
            "module.eks.data.aws_iam_policy_document.assume_role_policy",
            "module.eks.data.aws_iam_policy_document.custom",
            "module.eks.data.aws_partition.current"
          ]
        }
      ]
    },
    {
      "module": "module.eks",
      "mode": "managed",
      "type": "aws_iam_role_policy_attachment",
      "name": "this",
      "provider": "provider[\"registry.terraform.io/hashicorp/aws\"]",
      "instances": [
        {
          "index_key": "AmazonEKSClusterPolicy",
          "schema_version": 0,
          "attributes": {
            "id": "my-project-cluster-cluster-20250127134817344700000001-20250127134820179400000004",
            "policy_arn": "arn:aws:iam::aws:policy/AmazonEKSClusterPolicy",
            "role": "my-project-cluster-cluster-20250127134817344700000001"
          },
          "sensitive_attributes": [],
          "private": "bnVsbA==",
          "dependencies": [
            "module.eks.aws_iam_role.this",
            "module.eks.data.aws_iam_policy_document.assume_role_policy",
            "module.eks.data.aws_partition.current"
          ],
          "create_before_destroy": true
        },
        {
          "index_key": "AmazonEKSVPCResourceController",
          "schema_version": 0,
          "attributes": {
            "id": "my-project-cluster-cluster-20250127134817344700000001-20250127134820127600000003",
            "policy_arn": "arn:aws:iam::aws:policy/AmazonEKSVPCResourceController",
            "role": "my-project-cluster-cluster-20250127134817344700000001"
          },
          "sensitive_attributes": [],
          "private": "bnVsbA==",
          "dependencies": [
            "module.eks.aws_iam_role.this",
            "module.eks.data.aws_iam_policy_document.assume_role_policy",
            "module.eks.data.aws_partition.current"
          ],
          "create_before_destroy": true
        }
      ]
    },
    {
      "module": "module.eks",
      "mode": "managed",
      "type": "aws_security_group",
      "name": "cluster",
      "provider": "provider[\"registry.terraform.io/hashicorp/aws\"]",
      "instances": [
        {
          "index_key": 0,
          "schema_version": 1,
          "attributes": {
            "arn": "arn:aws:ec2:us-east-1:702517372063:security-group/sg-0cdb8728c8b3bc1f8",
            "description": "EKS cluster security group",
            "egress": [],
            "id": "sg-0cdb8728c8b3bc1f8",
            "ingress": [],
            "name": "my-project-cluster-cluster-20250127134822635900000007",
            "name_prefix": "my-project-cluster-cluster-",
            "owner_id": "702517372063",
            "revoke_rules_on_delete": false,
            "tags": {
              "Environment": "Dev",
              "Name": "my-project-cluster-cluster"
            },
            "tags_all": {
              "Environment": "Dev",
              "Name": "my-project-cluster-cluster"
            },
            "timeouts": null,
            "vpc_id": "vpc-014eeb0665a6d7e4f"
          },
          "sensitive_attributes": [],
          "private": "eyJlMmJmYjczMC1lY2FhLTExZTYtOGY4OC0zNDM2M2JjN2M0YzAiOnsiY3JlYXRlIjo2MDAwMDAwMDAwMDAsImRlbGV0ZSI6OTAwMDAwMDAwMDAwfSwic2NoZW1hX3ZlcnNpb24iOiIxIn0=",
          "dependencies": [
            "aws_vpc.eks_vpc"
          ],
          "create_before_destroy": true
        }
      ]
    },
    {
      "module": "module.eks",
      "mode": "managed",
      "type": "aws_security_group",
      "name": "node",
      "provider": "provider[\"registry.terraform.io/hashicorp/aws\"]",
      "instances": [
        {
          "index_key": 0,
          "schema_version": 1,
          "attributes": {
            "arn": "arn:aws:ec2:us-east-1:702517372063:security-group/sg-019cafa435e822d5f",
            "description": "EKS node shared security group",
            "egress": [],
            "id": "sg-019cafa435e822d5f",
            "ingress": [],
            "name": "my-project-cluster-node-20250127134822635400000006",
            "name_prefix": "my-project-cluster-node-",
            "owner_id": "702517372063",
            "revoke_rules_on_delete": false,
            "tags": {
              "Environment": "Dev",
              "Name": "my-project-cluster-node",
              "kubernetes.io/cluster/my-project-cluster": "owned"
            },
            "tags_all": {
              "Environment": "Dev",
              "Name": "my-project-cluster-node",
              "kubernetes.io/cluster/my-project-cluster": "owned"
            },
            "timeouts": null,
            "vpc_id": "vpc-014eeb0665a6d7e4f"
          },
          "sensitive_attributes": [],
          "private": "eyJlMmJmYjczMC1lY2FhLTExZTYtOGY4OC0zNDM2M2JjN2M0YzAiOnsiY3JlYXRlIjo2MDAwMDAwMDAwMDAsImRlbGV0ZSI6OTAwMDAwMDAwMDAwfSwic2NoZW1hX3ZlcnNpb24iOiIxIn0=",
          "dependencies": [
            "aws_vpc.eks_vpc"
          ],
          "create_before_destroy": true
        }
      ]
    },
    {
      "module": "module.eks",
      "mode": "managed",
      "type": "aws_security_group_rule",
      "name": "cluster",
      "provider": "provider[\"registry.terraform.io/hashicorp/aws\"]",
      "instances": [
        {
          "index_key": "ingress_nodes_443",
          "schema_version": 2,
          "attributes": {
            "cidr_blocks": null,
            "description": "Node groups to cluster API",
            "from_port": 443,
            "id": "sgrule-3317411412",
            "ipv6_cidr_blocks": null,
            "prefix_list_ids": null,
            "protocol": "tcp",
            "security_group_id": "sg-0cdb8728c8b3bc1f8",
            "security_group_rule_id": "sgr-0288c2b23e90aadff",
            "self": false,
            "source_security_group_id": "sg-019cafa435e822d5f",
            "timeouts": null,
            "to_port": 443,
            "type": "ingress"
          },
          "sensitive_attributes": [],
          "private": "eyJlMmJmYjczMC1lY2FhLTExZTYtOGY4OC0zNDM2M2JjN2M0YzAiOnsiY3JlYXRlIjozMDAwMDAwMDAwMDB9LCJzY2hlbWFfdmVyc2lvbiI6IjIifQ==",
          "dependencies": [
            "aws_vpc.eks_vpc",
            "module.eks.aws_security_group.cluster",
            "module.eks.aws_security_group.node"
          ],
          "create_before_destroy": true
        }
      ]
    },
    {
      "module": "module.eks",
      "mode": "managed",
      "type": "aws_security_group_rule",
      "name": "node",
      "provider": "provider[\"registry.terraform.io/hashicorp/aws\"]",
      "instances": [
        {
          "index_key": "egress_all",
          "schema_version": 2,
          "attributes": {
            "cidr_blocks": [
              "0.0.0.0/0"
            ],
            "description": "Allow all egress",
            "from_port": 0,
            "id": "sgrule-1584098511",
            "ipv6_cidr_blocks": null,
            "prefix_list_ids": [],
            "protocol": "-1",
            "security_group_id": "sg-019cafa435e822d5f",
            "security_group_rule_id": "sgr-00cbc92c2876032ba",
            "self": false,
            "source_security_group_id": null,
            "timeouts": null,
            "to_port": 0,
            "type": "egress"
          },
          "sensitive_attributes": [],
          "private": "eyJlMmJmYjczMC1lY2FhLTExZTYtOGY4OC0zNDM2M2JjN2M0YzAiOnsiY3JlYXRlIjozMDAwMDAwMDAwMDB9LCJzY2hlbWFfdmVyc2lvbiI6IjIifQ==",
          "dependencies": [
            "aws_vpc.eks_vpc",
            "module.eks.aws_security_group.cluster",
            "module.eks.aws_security_group.node"
          ],
          "create_before_destroy": true
        },
        {
          "index_key": "ingress_cluster_443",
          "schema_version": 2,
          "attributes": {
            "cidr_blocks": null,
            "description": "Cluster API to node groups",
            "from_port": 443,
            "id": "sgrule-3150578665",
            "ipv6_cidr_blocks": null,
            "prefix_list_ids": [],
            "protocol": "tcp",
            "security_group_id": "sg-019cafa435e822d5f",
            "security_group_rule_id": "sgr-06b237c738c8287fb",
            "self": false,
            "source_security_group_id": "sg-0cdb8728c8b3bc1f8",
            "timeouts": null,
            "to_port": 443,
            "type": "ingress"
          },
          "sensitive_attributes": [],
          "private": "eyJlMmJmYjczMC1lY2FhLTExZTYtOGY4OC0zNDM2M2JjN2M0YzAiOnsiY3JlYXRlIjozMDAwMDAwMDAwMDB9LCJzY2hlbWFfdmVyc2lvbiI6IjIifQ==",
          "dependencies": [
            "aws_vpc.eks_vpc",
            "module.eks.aws_security_group.cluster",
            "module.eks.aws_security_group.node"
          ],
          "create_before_destroy": true
        },
        {
          "index_key": "ingress_cluster_4443_webhook",
          "schema_version": 2,
          "attributes": {
            "cidr_blocks": null,
            "description": "Cluster API to node 4443/tcp webhook",
            "from_port": 4443,
            "id": "sgrule-180495559",
            "ipv6_cidr_blocks": null,
            "prefix_list_ids": [],
            "protocol": "tcp",
            "security_group_id": "sg-019cafa435e822d5f",
            "security_group_rule_id": "sgr-00f292fae87ff8d9e",
            "self": false,
            "source_security_group_id": "sg-0cdb8728c8b3bc1f8",
            "timeouts": null,
            "to_port": 4443,
            "type": "ingress"
          },
          "sensitive_attributes": [],
          "private": "eyJlMmJmYjczMC1lY2FhLTExZTYtOGY4OC0zNDM2M2JjN2M0YzAiOnsiY3JlYXRlIjozMDAwMDAwMDAwMDB9LCJzY2hlbWFfdmVyc2lvbiI6IjIifQ==",
          "dependencies": [
            "aws_vpc.eks_vpc",
            "module.eks.aws_security_group.cluster",
            "module.eks.aws_security_group.node"
          ],
          "create_before_destroy": true
        },
        {
          "index_key": "ingress_cluster_6443_webhook",
          "schema_version": 2,
          "attributes": {
            "cidr_blocks": null,
            "description": "Cluster API to node 6443/tcp webhook",
            "from_port": 6443,
            "id": "sgrule-3279962961",
            "ipv6_cidr_blocks": null,
            "prefix_list_ids": [],
            "protocol": "tcp",
            "security_group_id": "sg-019cafa435e822d5f",
            "security_group_rule_id": "sgr-0d401cabdf486980a",
            "self": false,
            "source_security_group_id": "sg-0cdb8728c8b3bc1f8",
            "timeouts": null,
            "to_port": 6443,
            "type": "ingress"
          },
          "sensitive_attributes": [],
          "private": "eyJlMmJmYjczMC1lY2FhLTExZTYtOGY4OC0zNDM2M2JjN2M0YzAiOnsiY3JlYXRlIjozMDAwMDAwMDAwMDB9LCJzY2hlbWFfdmVyc2lvbiI6IjIifQ==",
          "dependencies": [
            "aws_vpc.eks_vpc",
            "module.eks.aws_security_group.cluster",
            "module.eks.aws_security_group.node"
          ],
          "create_before_destroy": true
        },
        {
          "index_key": "ingress_cluster_8443_webhook",
          "schema_version": 2,
          "attributes": {
            "cidr_blocks": null,
            "description": "Cluster API to node 8443/tcp webhook",
            "from_port": 8443,
            "id": "sgrule-3504111472",
            "ipv6_cidr_blocks": null,
            "prefix_list_ids": [],
            "protocol": "tcp",
            "security_group_id": "sg-019cafa435e822d5f",
            "security_group_rule_id": "sgr-08db3091b92e68003",
            "self": false,
            "source_security_group_id": "sg-0cdb8728c8b3bc1f8",
            "timeouts": null,
            "to_port": 8443,
            "type": "ingress"
          },
          "sensitive_attributes": [],
          "private": "eyJlMmJmYjczMC1lY2FhLTExZTYtOGY4OC0zNDM2M2JjN2M0YzAiOnsiY3JlYXRlIjozMDAwMDAwMDAwMDB9LCJzY2hlbWFfdmVyc2lvbiI6IjIifQ==",
          "dependencies": [
            "aws_vpc.eks_vpc",
            "module.eks.aws_security_group.cluster",
            "module.eks.aws_security_group.node"
          ],
          "create_before_destroy": true
        },
        {
          "index_key": "ingress_cluster_9443_webhook",
          "schema_version": 2,
          "attributes": {
            "cidr_blocks": null,
            "description": "Cluster API to node 9443/tcp webhook",
            "from_port": 9443,
            "id": "sgrule-3028110523",
            "ipv6_cidr_blocks": null,
            "prefix_list_ids": [],
            "protocol": "tcp",
            "security_group_id": "sg-019cafa435e822d5f",
            "security_group_rule_id": "sgr-033e1c4fd5af7536f",
            "self": false,
            "source_security_group_id": "sg-0cdb8728c8b3bc1f8",
            "timeouts": null,
            "to_port": 9443,
            "type": "ingress"
          },
          "sensitive_attributes": [],
          "private": "eyJlMmJmYjczMC1lY2FhLTExZTYtOGY4OC0zNDM2M2JjN2M0YzAiOnsiY3JlYXRlIjozMDAwMDAwMDAwMDB9LCJzY2hlbWFfdmVyc2lvbiI6IjIifQ==",
          "dependencies": [
            "aws_vpc.eks_vpc",
            "module.eks.aws_security_group.cluster",
            "module.eks.aws_security_group.node"
          ],
          "create_before_destroy": true
        },
        {
          "index_key": "ingress_cluster_kubelet",
          "schema_version": 2,
          "attributes": {
            "cidr_blocks": null,
            "description": "Cluster API to node kubelets",
            "from_port": 10250,
            "id": "sgrule-531234310",
            "ipv6_cidr_blocks": null,
            "prefix_list_ids": [],
            "protocol": "tcp",
            "security_group_id": "sg-019cafa435e822d5f",
            "security_group_rule_id": "sgr-0bb6a6979a58a0c7a",
            "self": false,
            "source_security_group_id": "sg-0cdb8728c8b3bc1f8",
            "timeouts": null,
            "to_port": 10250,
            "type": "ingress"
          },
          "sensitive_attributes": [],
          "private": "eyJlMmJmYjczMC1lY2FhLTExZTYtOGY4OC0zNDM2M2JjN2M0YzAiOnsiY3JlYXRlIjozMDAwMDAwMDAwMDB9LCJzY2hlbWFfdmVyc2lvbiI6IjIifQ==",
          "dependencies": [
            "aws_vpc.eks_vpc",
            "module.eks.aws_security_group.cluster",
            "module.eks.aws_security_group.node"
          ],
          "create_before_destroy": true
        },
        {
          "index_key": "ingress_nodes_ephemeral",
          "schema_version": 2,
          "attributes": {
            "cidr_blocks": null,
            "description": "Node to node ingress on ephemeral ports",
            "from_port": 1025,
            "id": "sgrule-2595738141",
            "ipv6_cidr_blocks": null,
            "prefix_list_ids": [],
            "protocol": "tcp",
            "security_group_id": "sg-019cafa435e822d5f",
            "security_group_rule_id": "sgr-006ba4d571aa6fada",
            "self": true,
            "source_security_group_id": null,
            "timeouts": null,
            "to_port": 65535,
            "type": "ingress"
          },
          "sensitive_attributes": [],
          "private": "eyJlMmJmYjczMC1lY2FhLTExZTYtOGY4OC0zNDM2M2JjN2M0YzAiOnsiY3JlYXRlIjozMDAwMDAwMDAwMDB9LCJzY2hlbWFfdmVyc2lvbiI6IjIifQ==",
          "dependencies": [
            "aws_vpc.eks_vpc",
            "module.eks.aws_security_group.cluster",
            "module.eks.aws_security_group.node"
          ],
          "create_before_destroy": true
        },
        {
          "index_key": "ingress_self_coredns_tcp",
          "schema_version": 2,
          "attributes": {
            "cidr_blocks": null,
            "description": "Node to node CoreDNS",
            "from_port": 53,
            "id": "sgrule-3519421050",
            "ipv6_cidr_blocks": null,
            "prefix_list_ids": [],
            "protocol": "tcp",
            "security_group_id": "sg-019cafa435e822d5f",
            "security_group_rule_id": "sgr-0b4269e0401003a6e",
            "self": true,
            "source_security_group_id": null,
            "timeouts": null,
            "to_port": 53,
            "type": "ingress"
          },
          "sensitive_attributes": [],
          "private": "eyJlMmJmYjczMC1lY2FhLTExZTYtOGY4OC0zNDM2M2JjN2M0YzAiOnsiY3JlYXRlIjozMDAwMDAwMDAwMDB9LCJzY2hlbWFfdmVyc2lvbiI6IjIifQ==",
          "dependencies": [
            "aws_vpc.eks_vpc",
            "module.eks.aws_security_group.cluster",
            "module.eks.aws_security_group.node"
          ],
          "create_before_destroy": true
        },
        {
          "index_key": "ingress_self_coredns_udp",
          "schema_version": 2,
          "attributes": {
            "cidr_blocks": null,
            "description": "Node to node CoreDNS UDP",
            "from_port": 53,
            "id": "sgrule-1973008789",
            "ipv6_cidr_blocks": null,
            "prefix_list_ids": [],
            "protocol": "udp",
            "security_group_id": "sg-019cafa435e822d5f",
            "security_group_rule_id": "sgr-0938662c9676f070f",
            "self": true,
            "source_security_group_id": null,
            "timeouts": null,
            "to_port": 53,
            "type": "ingress"
          },
          "sensitive_attributes": [],
          "private": "eyJlMmJmYjczMC1lY2FhLTExZTYtOGY4OC0zNDM2M2JjN2M0YzAiOnsiY3JlYXRlIjozMDAwMDAwMDAwMDB9LCJzY2hlbWFfdmVyc2lvbiI6IjIifQ==",
          "dependencies": [
            "aws_vpc.eks_vpc",
            "module.eks.aws_security_group.cluster",
            "module.eks.aws_security_group.node"
          ],
          "create_before_destroy": true
        }
      ]
    },
    {
      "module": "module.eks",
      "mode": "managed",
      "type": "time_sleep",
      "name": "this",
      "provider": "provider[\"registry.terraform.io/hashicorp/time\"]",
      "instances": [
        {
          "index_key": 0,
          "schema_version": 0,
          "attributes": {
            "create_duration": "30s",
            "destroy_duration": null,
            "id": "2025-01-27T13:59:57Z",
            "triggers": {
              "cluster_certificate_authority_data": "LS0tLS1CRUdJTiBDRVJUSUZJQ0FURS0tLS0tCk1JSURCVENDQWUyZ0F3SUJBZ0lJVTVVa1IvMjVOQ2N3RFFZSktvWklodmNOQVFFTEJRQXdGVEVUTUJFR0ExVUUKQXhNS2EzVmlaWEp1WlhSbGN6QWVGdzB5TlRBeE1qY3hNelE0TWpCYUZ3MHpOVEF4TWpVeE16VXpNakJhTUJVeApFekFSQmdOVkJBTVRDbXQxWW1WeWJtVjBaWE13Z2dFaU1BMEdDU3FHU0liM0RRRUJBUVVBQTRJQkR3QXdnZ0VLCkFvSUJBUUNpS1BlTFN6TmJ4ZXg0dGF6eE9wdTRkK091K2NSRGJ2dUwyZzBuVlhBQkcveWFwSnV2Z3haeUtncFQKMXlBcnBVcWRLSWVQN1pMemVUTVRZL2Y4ZUUxRmxTT3JBcWw3M2VQU2hiVkNCMmtsMnBaUnFiUEJwdGRGRXFzUwp0b1Y0Vm5nT0tjY00wcGNocGwrMXJSUFEwdG9BZEx0R3FCN29kN202ZStSdHFuemdUbitUTUd3VU5KakJjTU5rCldSSVRqajU2a01zQkhzWGVJQjJSbGhCcHhCRmltODl0dURPNzF6dWhCMUkzdmhONWs4VzJEaGhnY2tMM0o3WkcKWDd2OXorUHdBVytvY0tnbzlmbUVIVXRhcVJmVHJqWUI0SG9hTDZEQmVQQW8ycUZEeWJiLzZnQ2xsb0plekZQNApPUDZRR29pN1UvUDBaMncrVm9BTnNZU2psYlh0QWdNQkFBR2pXVEJYTUE0R0ExVWREd0VCL3dRRUF3SUNwREFQCkJnTlZIUk1CQWY4RUJUQURBUUgvTUIwR0ExVWREZ1FXQkJSNXdtUDlrN2lRVkhDVUhoSWlpQkJ2T2pFY3VEQVYKQmdOVkhSRUVEakFNZ2dwcmRXSmxjbTVsZEdWek1BMEdDU3FHU0liM0RRRUJDd1VBQTRJQkFRQUFEbC8yczA3VQpzT2ZmeDF2T1dSOEpIbkIzTzE2NXFwZUFhM1gwR0t4QUVaaEtRWTF4VnpGWU1MLzBySmZuZ2hmZ0dvdEpwVndSCmhNTWxseGVrM1M1djl0ckZuK04rN1k3WFFsNGdRMy9hUDJldmNBQ1NhNHZhZkJ6SUt1YzgzYkxvMldCREhqV1gKQnB5alN1bktSZ0QyWi9ZVlZWa2l3VEpINzZpQ2lXQVlWdUJNdTkyYk9DcnJvOUhiREdTeVJ2SUxJZkdRNDEzOQp5OWd4MVA2YlBDQyt4RHFOU1djazNKTzIraFhtb0E4YXFCVlJNclJpZWR3dUtDTHRSYndob3dVNTVpNkVZejluCmk3amZNUFRCQlNMc0p0RHNwTGFnR1BCZXYyb0FZdXB3elNkMGgrbHJKTTNLZ3NKZ0J5S3FuZmhZNW1Zb3Rnb3MKUmtveS9kUkc4WW85Ci0tLS0tRU5EIENFUlRJRklDQVRFLS0tLS0K",
              "cluster_endpoint": "https://08F5EDEFABB2B37356470A8CE873DCAE.gr7.us-east-1.eks.amazonaws.com",
              "cluster_name": "my-project-cluster",
              "cluster_service_cidr": "172.20.0.0/16",
              "cluster_version": "1.27"
            }
          },
          "sensitive_attributes": [],
          "dependencies": [
            "aws_subnet.eks_subnet",
            "aws_vpc.eks_vpc",
            "data.aws_availability_zones.available",
            "module.eks.aws_cloudwatch_log_group.this",
            "module.eks.aws_eks_cluster.this",
            "module.eks.aws_iam_policy.cni_ipv6_policy",
            "module.eks.aws_iam_role.eks_auto",
            "module.eks.aws_iam_role.this",
            "module.eks.aws_iam_role_policy_attachment.this",
            "module.eks.aws_security_group.cluster",
            "module.eks.aws_security_group.node",
            "module.eks.aws_security_group_rule.cluster",
            "module.eks.aws_security_group_rule.node",
            "module.eks.data.aws_caller_identity.current",
            "module.eks.data.aws_iam_policy_document.assume_role_policy",
            "module.eks.data.aws_iam_policy_document.cni_ipv6_policy",
            "module.eks.data.aws_iam_policy_document.node_assume_role_policy",
            "module.eks.data.aws_iam_session_context.current",
            "module.eks.data.aws_partition.current",
            "module.eks.module.kms.aws_kms_external_key.this",
            "module.eks.module.kms.aws_kms_key.this",
            "module.eks.module.kms.aws_kms_replica_external_key.this",
            "module.eks.module.kms.aws_kms_replica_key.this",
            "module.eks.module.kms.data.aws_caller_identity.current",
            "module.eks.module.kms.data.aws_iam_policy_document.this",
            "module.eks.module.kms.data.aws_partition.current"
          ],
          "create_before_destroy": true
        }
      ]
    },
    {
      "module": "module.eks.module.kms",
      "mode": "data",
      "type": "aws_caller_identity",
      "name": "current",
      "provider": "provider[\"registry.terraform.io/hashicorp/aws\"]",
      "instances": [
        {
          "index_key": 0,
          "schema_version": 0,
          "attributes": {
            "account_id": "702517372063",
            "arn": "arn:aws:iam::702517372063:user/Saurabh",
            "id": "702517372063",
            "user_id": "AIDA2HEKMMSP3VRALFTCO"
          },
          "sensitive_attributes": []
        }
      ]
    },
    {
      "module": "module.eks.module.kms",
      "mode": "data",
      "type": "aws_iam_policy_document",
      "name": "this",
      "provider": "provider[\"registry.terraform.io/hashicorp/aws\"]",
      "instances": [
        {
          "index_key": 0,
          "schema_version": 0,
          "attributes": {
            "id": "533281283",
            "json": "{\n  \"Version\": \"2012-10-17\",\n  \"Statement\": [\n    {\n      \"Sid\": \"Default\",\n      \"Effect\": \"Allow\",\n      \"Action\": \"kms:*\",\n      \"Resource\": \"*\",\n      \"Principal\": {\n        \"AWS\": \"arn:aws:iam::702517372063:root\"\n      }\n    },\n    {\n      \"Sid\": \"KeyAdministration\",\n      \"Effect\": \"Allow\",\n      \"Action\": [\n        \"kms:Update*\",\n        \"kms:UntagResource\",\n        \"kms:TagResource\",\n        \"kms:ScheduleKeyDeletion\",\n        \"kms:Revoke*\",\n        \"kms:ReplicateKey\",\n        \"kms:Put*\",\n        \"kms:List*\",\n        \"kms:ImportKeyMaterial\",\n        \"kms:Get*\",\n        \"kms:Enable*\",\n        \"kms:Disable*\",\n        \"kms:Describe*\",\n        \"kms:Delete*\",\n        \"kms:Create*\",\n        \"kms:CancelKeyDeletion\"\n      ],\n      \"Resource\": \"*\",\n      \"Principal\": {\n        \"AWS\": \"arn:aws:iam::702517372063:user/Saurabh\"\n      }\n    },\n    {\n      \"Sid\": \"KeyUsage\",\n      \"Effect\": \"Allow\",\n      \"Action\": [\n        \"kms:ReEncrypt*\",\n        \"kms:GenerateDataKey*\",\n        \"kms:Encrypt\",\n        \"kms:DescribeKey\",\n        \"kms:Decrypt\"\n      ],\n      \"Resource\": \"*\",\n      \"Principal\": {\n        \"AWS\": \"arn:aws:iam::702517372063:role/my-project-cluster-cluster-20250127134817344700000001\"\n      }\n    }\n  ]\n}",
            "minified_json": "{\"Version\":\"2012-10-17\",\"Statement\":[{\"Sid\":\"Default\",\"Effect\":\"Allow\",\"Action\":\"kms:*\",\"Resource\":\"*\",\"Principal\":{\"AWS\":\"arn:aws:iam::702517372063:root\"}},{\"Sid\":\"KeyAdministration\",\"Effect\":\"Allow\",\"Action\":[\"kms:Update*\",\"kms:UntagResource\",\"kms:TagResource\",\"kms:ScheduleKeyDeletion\",\"kms:Revoke*\",\"kms:ReplicateKey\",\"kms:Put*\",\"kms:List*\",\"kms:ImportKeyMaterial\",\"kms:Get*\",\"kms:Enable*\",\"kms:Disable*\",\"kms:Describe*\",\"kms:Delete*\",\"kms:Create*\",\"kms:CancelKeyDeletion\"],\"Resource\":\"*\",\"Principal\":{\"AWS\":\"arn:aws:iam::702517372063:user/Saurabh\"}},{\"Sid\":\"KeyUsage\",\"Effect\":\"Allow\",\"Action\":[\"kms:ReEncrypt*\",\"kms:GenerateDataKey*\",\"kms:Encrypt\",\"kms:DescribeKey\",\"kms:Decrypt\"],\"Resource\":\"*\",\"Principal\":{\"AWS\":\"arn:aws:iam::702517372063:role/my-project-cluster-cluster-20250127134817344700000001\"}}]}",
            "override_json": null,
            "override_policy_documents": null,
            "policy_id": null,
            "source_json": null,
            "source_policy_documents": null,
            "statement": [
              {
                "actions": [
                  "kms:*"
                ],
                "condition": [],
                "effect": "Allow",
                "not_actions": [],
                "not_principals": [],
                "not_resources": [],
                "principals": [
                  {
                    "identifiers": [
                      "arn:aws:iam::702517372063:root"
                    ],
                    "type": "AWS"
                  }
                ],
                "resources": [
                  "*"
                ],
                "sid": "Default"
              },
              {
                "actions": [
                  "kms:CancelKeyDeletion",
                  "kms:Create*",
                  "kms:Delete*",
                  "kms:Describe*",
                  "kms:Disable*",
                  "kms:Enable*",
                  "kms:Get*",
                  "kms:ImportKeyMaterial",
                  "kms:List*",
                  "kms:Put*",
                  "kms:ReplicateKey",
                  "kms:Revoke*",
                  "kms:ScheduleKeyDeletion",
                  "kms:TagResource",
                  "kms:UntagResource",
                  "kms:Update*"
                ],
                "condition": [],
                "effect": "Allow",
                "not_actions": [],
                "not_principals": [],
                "not_resources": [],
                "principals": [
                  {
                    "identifiers": [
                      "arn:aws:iam::702517372063:user/Saurabh"
                    ],
                    "type": "AWS"
                  }
                ],
                "resources": [
                  "*"
                ],
                "sid": "KeyAdministration"
              },
              {
                "actions": [
                  "kms:Decrypt",
                  "kms:DescribeKey",
                  "kms:Encrypt",
                  "kms:GenerateDataKey*",
                  "kms:ReEncrypt*"
                ],
                "condition": [],
                "effect": "Allow",
                "not_actions": [],
                "not_principals": [],
                "not_resources": [],
                "principals": [
                  {
                    "identifiers": [
                      "arn:aws:iam::702517372063:role/my-project-cluster-cluster-20250127134817344700000001"
                    ],
                    "type": "AWS"
                  }
                ],
                "resources": [
                  "*"
                ],
                "sid": "KeyUsage"
              }
            ],
            "version": "2012-10-17"
          },
          "sensitive_attributes": []
        }
      ]
    },
    {
      "module": "module.eks.module.kms",
      "mode": "data",
      "type": "aws_partition",
      "name": "current",
      "provider": "provider[\"registry.terraform.io/hashicorp/aws\"]",
      "instances": [
        {
          "index_key": 0,
          "schema_version": 0,
          "attributes": {
            "dns_suffix": "amazonaws.com",
            "id": "aws",
            "partition": "aws",
            "reverse_dns_prefix": "com.amazonaws"
          },
          "sensitive_attributes": []
        }
      ]
    },
    {
      "module": "module.eks.module.kms",
      "mode": "managed",
      "type": "aws_kms_alias",
      "name": "this",
      "provider": "provider[\"registry.terraform.io/hashicorp/aws\"]",
      "instances": [
        {
          "index_key": "cluster",
          "schema_version": 0,
          "attributes": {
            "arn": "arn:aws:kms:us-east-1:702517372063:alias/eks/my-project-cluster",
            "id": "alias/eks/my-project-cluster",
            "name": "alias/eks/my-project-cluster",
            "name_prefix": "",
            "target_key_arn": "arn:aws:kms:us-east-1:702517372063:key/e5104751-425b-4325-b5d4-46ada5c3781f",
            "target_key_id": "e5104751-425b-4325-b5d4-46ada5c3781f"
          },
          "sensitive_attributes": [],
          "private": "bnVsbA==",
          "dependencies": [
            "module.eks.aws_iam_role.this",
            "module.eks.data.aws_caller_identity.current",
            "module.eks.data.aws_iam_policy_document.assume_role_policy",
            "module.eks.data.aws_iam_session_context.current",
            "module.eks.module.kms.aws_kms_external_key.this",
            "module.eks.module.kms.aws_kms_key.this",
            "module.eks.module.kms.aws_kms_replica_external_key.this",
            "module.eks.module.kms.aws_kms_replica_key.this",
            "module.eks.module.kms.data.aws_caller_identity.current",
            "module.eks.module.kms.data.aws_iam_policy_document.this",
            "module.eks.module.kms.data.aws_partition.current"
          ]
        }
      ]
    },
    {
      "module": "module.eks.module.kms",
      "mode": "managed",
      "type": "aws_kms_key",
      "name": "this",
      "provider": "provider[\"registry.terraform.io/hashicorp/aws\"]",
      "instances": [
        {
          "index_key": 0,
          "schema_version": 0,
          "attributes": {
            "arn": "arn:aws:kms:us-east-1:702517372063:key/e5104751-425b-4325-b5d4-46ada5c3781f",
            "bypass_policy_lockout_safety_check": false,
            "custom_key_store_id": "",
            "customer_master_key_spec": "SYMMETRIC_DEFAULT",
            "deletion_window_in_days": null,
            "description": "my-project-cluster cluster encryption key",
            "enable_key_rotation": true,
            "id": "e5104751-425b-4325-b5d4-46ada5c3781f",
            "is_enabled": true,
            "key_id": "e5104751-425b-4325-b5d4-46ada5c3781f",
            "key_usage": "ENCRYPT_DECRYPT",
            "multi_region": false,
            "policy": "{\"Statement\":[{\"Action\":\"kms:*\",\"Effect\":\"Allow\",\"Principal\":{\"AWS\":\"arn:aws:iam::702517372063:root\"},\"Resource\":\"*\",\"Sid\":\"Default\"},{\"Action\":[\"kms:Update*\",\"kms:UntagResource\",\"kms:TagResource\",\"kms:ScheduleKeyDeletion\",\"kms:Revoke*\",\"kms:ReplicateKey\",\"kms:Put*\",\"kms:List*\",\"kms:ImportKeyMaterial\",\"kms:Get*\",\"kms:Enable*\",\"kms:Disable*\",\"kms:Describe*\",\"kms:Delete*\",\"kms:Create*\",\"kms:CancelKeyDeletion\"],\"Effect\":\"Allow\",\"Principal\":{\"AWS\":\"arn:aws:iam::702517372063:user/Saurabh\"},\"Resource\":\"*\",\"Sid\":\"KeyAdministration\"},{\"Action\":[\"kms:ReEncrypt*\",\"kms:GenerateDataKey*\",\"kms:Encrypt\",\"kms:DescribeKey\",\"kms:Decrypt\"],\"Effect\":\"Allow\",\"Principal\":{\"AWS\":\"arn:aws:iam::702517372063:role/my-project-cluster-cluster-20250127134817344700000001\"},\"Resource\":\"*\",\"Sid\":\"KeyUsage\"}],\"Version\":\"2012-10-17\"}",
            "rotation_period_in_days": 365,
            "tags": {
              "Environment": "Dev",
              "terraform-aws-modules": "eks"
            },
            "tags_all": {
              "Environment": "Dev",
              "terraform-aws-modules": "eks"
            },
            "timeouts": null,
            "xks_key_id": ""
          },
          "sensitive_attributes": [],
          "private": "eyJlMmJmYjczMC1lY2FhLTExZTYtOGY4OC0zNDM2M2JjN2M0YzAiOnsiY3JlYXRlIjoxMjAwMDAwMDAwMDB9fQ==",
          "dependencies": [
            "module.eks.aws_iam_role.this",
            "module.eks.data.aws_caller_identity.current",
            "module.eks.data.aws_iam_policy_document.assume_role_policy",
            "module.eks.data.aws_iam_session_context.current",
            "module.eks.module.kms.data.aws_caller_identity.current",
            "module.eks.module.kms.data.aws_iam_policy_document.this",
            "module.eks.module.kms.data.aws_partition.current"
          ],
          "create_before_destroy": true
        }
      ]
    }
  ],
  "check_results": [
    {
      "object_kind": "resource",
      "config_addr": "module.eks.module.self_managed_node_group.module.user_data.null_resource.validate_cluster_service_cidr",
      "status": "pass",
      "objects": null
    },
    {
      "object_kind": "resource",
      "config_addr": "module.eks.module.eks_managed_node_group.module.user_data.null_resource.validate_cluster_service_cidr",
      "status": "pass",
      "objects": null
    },
    {
      "object_kind": "var",
      "config_addr": "module.eks.module.self_managed_node_group.var.platform",
      "status": "pass",
      "objects": null
    }
  ]
}
